// !$*UTF8*$!
{
	archiveVersion = 1;
	classes = {
	};
	objectVersion = 50;
	objects = {

/* Begin PBXBuildFile section */
		3D60A83421836CA1003F4198 /* NotificationCenter.framework in Frameworks */ = {isa = PBXBuildFile; fileRef = 3D60A83321836CA1003F4198 /* NotificationCenter.framework */; };
		3D60A83721836CA1003F4198 /* TodayViewController.swift in Sources */ = {isa = PBXBuildFile; fileRef = 3D60A83621836CA1003F4198 /* TodayViewController.swift */; };
		3D60A83A21836CA1003F4198 /* MainInterface.storyboard in Resources */ = {isa = PBXBuildFile; fileRef = 3D60A83821836CA1003F4198 /* MainInterface.storyboard */; };
		3D60A83E21836CA1003F4198 /* RandomQuotesExtension.appex in Embed App Extensions */ = {isa = PBXBuildFile; fileRef = 3D60A83221836CA1003F4198 /* RandomQuotesExtension.appex */; settings = {ATTRIBUTES = (RemoveHeadersOnCopy, ); }; };
		3D60A84921836CF8003F4198 /* Interface.storyboard in Resources */ = {isa = PBXBuildFile; fileRef = 3D60A84721836CF8003F4198 /* Interface.storyboard */; };
		3D60A84B21836CF9003F4198 /* Assets.xcassets in Resources */ = {isa = PBXBuildFile; fileRef = 3D60A84A21836CF9003F4198 /* Assets.xcassets */; };
		3D60A85221836CF9003F4198 /* RandomQuotesWatch Extension.appex in Embed App Extensions */ = {isa = PBXBuildFile; fileRef = 3D60A85121836CF9003F4198 /* RandomQuotesWatch Extension.appex */; settings = {ATTRIBUTES = (RemoveHeadersOnCopy, ); }; };
		3D60A85721836CF9003F4198 /* InterfaceController.swift in Sources */ = {isa = PBXBuildFile; fileRef = 3D60A85621836CF9003F4198 /* InterfaceController.swift */; };
		3D60A85921836CF9003F4198 /* ExtensionDelegate.swift in Sources */ = {isa = PBXBuildFile; fileRef = 3D60A85821836CF9003F4198 /* ExtensionDelegate.swift */; };
		3D60A85B21836CF9003F4198 /* NotificationController.swift in Sources */ = {isa = PBXBuildFile; fileRef = 3D60A85A21836CF9003F4198 /* NotificationController.swift */; };
		3D60A85D21836CFA003F4198 /* Assets.xcassets in Resources */ = {isa = PBXBuildFile; fileRef = 3D60A85C21836CFA003F4198 /* Assets.xcassets */; };
		3D60A86221836CFA003F4198 /* RandomQuotesWatch.app in Embed Watch Content */ = {isa = PBXBuildFile; fileRef = 3D60A84521836CF8003F4198 /* RandomQuotesWatch.app */; };
		3DD85CFD2183641700028D4D /* AppDelegate.swift in Sources */ = {isa = PBXBuildFile; fileRef = 3DD85CFC2183641700028D4D /* AppDelegate.swift */; };
		3DD85D022183641700028D4D /* Main.storyboard in Resources */ = {isa = PBXBuildFile; fileRef = 3DD85D002183641700028D4D /* Main.storyboard */; };
		3DD85D042183641700028D4D /* Assets.xcassets in Resources */ = {isa = PBXBuildFile; fileRef = 3DD85D032183641700028D4D /* Assets.xcassets */; };
		3DD85D072183641700028D4D /* LaunchScreen.storyboard in Resources */ = {isa = PBXBuildFile; fileRef = 3DD85D052183641700028D4D /* LaunchScreen.storyboard */; };
		3DEC8E9321836F32004341C5 /* RandomQuotesCore.framework in Frameworks */ = {isa = PBXBuildFile; fileRef = 3D60A82C21836A2E003F4198 /* RandomQuotesCore.framework */; };
		3DEC8E9421836F32004341C5 /* RandomQuotesCore.framework in Embed Frameworks */ = {isa = PBXBuildFile; fileRef = 3D60A82C21836A2E003F4198 /* RandomQuotesCore.framework */; settings = {ATTRIBUTES = (CodeSignOnCopy, RemoveHeadersOnCopy, ); }; };
/* End PBXBuildFile section */

/* Begin PBXContainerItemProxy section */
		3D60A82B21836A2E003F4198 /* PBXContainerItemProxy */ = {
			isa = PBXContainerItemProxy;
			containerPortal = 3DD85D542183660800028D4D /* RandomQuotesCore.xcodeproj */;
			proxyType = 2;
			remoteGlobalIDString = 3DD85D48218365AE00028D4D;
			remoteInfo = RandomQuotesCore;
		};
		3D60A83C21836CA1003F4198 /* PBXContainerItemProxy */ = {
			isa = PBXContainerItemProxy;
			containerPortal = 3DD85CF12183641700028D4D /* Project object */;
			proxyType = 1;
			remoteGlobalIDString = 3D60A83121836CA1003F4198;
			remoteInfo = RandomQuotesExtension;
		};
		3D60A85321836CF9003F4198 /* PBXContainerItemProxy */ = {
			isa = PBXContainerItemProxy;
			containerPortal = 3DD85CF12183641700028D4D /* Project object */;
			proxyType = 1;
			remoteGlobalIDString = 3D60A85021836CF9003F4198;
			remoteInfo = "RandomQuotesWatch Extension";
		};
		3D60A86021836CFA003F4198 /* PBXContainerItemProxy */ = {
			isa = PBXContainerItemProxy;
			containerPortal = 3DD85CF12183641700028D4D /* Project object */;
			proxyType = 1;
			remoteGlobalIDString = 3D60A84421836CF8003F4198;
			remoteInfo = RandomQuotesWatch;
		};
		3DEC8E9521836F32004341C5 /* PBXContainerItemProxy */ = {
			isa = PBXContainerItemProxy;
			containerPortal = 3DD85D542183660800028D4D /* RandomQuotesCore.xcodeproj */;
			proxyType = 1;
			remoteGlobalIDString = 3DD85D47218365AE00028D4D;
			remoteInfo = RandomQuotesCore;
		};
/* End PBXContainerItemProxy section */

/* Begin PBXCopyFilesBuildPhase section */
		3D60A84221836CA1003F4198 /* Embed App Extensions */ = {
			isa = PBXCopyFilesBuildPhase;
			buildActionMask = 2147483647;
			dstPath = "";
			dstSubfolderSpec = 13;
			files = (
				3D60A83E21836CA1003F4198 /* RandomQuotesExtension.appex in Embed App Extensions */,
			);
			name = "Embed App Extensions";
			runOnlyForDeploymentPostprocessing = 0;
		};
		3D60A86621836CFA003F4198 /* Embed App Extensions */ = {
			isa = PBXCopyFilesBuildPhase;
			buildActionMask = 2147483647;
			dstPath = "";
			dstSubfolderSpec = 13;
			files = (
				3D60A85221836CF9003F4198 /* RandomQuotesWatch Extension.appex in Embed App Extensions */,
			);
			name = "Embed App Extensions";
			runOnlyForDeploymentPostprocessing = 0;
		};
		3D60A86A21836CFA003F4198 /* Embed Watch Content */ = {
			isa = PBXCopyFilesBuildPhase;
			buildActionMask = 2147483647;
			dstPath = "$(CONTENTS_FOLDER_PATH)/Watch";
			dstSubfolderSpec = 16;
			files = (
				3D60A86221836CFA003F4198 /* RandomQuotesWatch.app in Embed Watch Content */,
			);
			name = "Embed Watch Content";
			runOnlyForDeploymentPostprocessing = 0;
		};
		3DD85D3D218364AC00028D4D /* Embed Frameworks */ = {
			isa = PBXCopyFilesBuildPhase;
			buildActionMask = 2147483647;
			dstPath = "";
			dstSubfolderSpec = 10;
			files = (
				3DEC8E9421836F32004341C5 /* RandomQuotesCore.framework in Embed Frameworks */,
			);
			name = "Embed Frameworks";
			runOnlyForDeploymentPostprocessing = 0;
		};
/* End PBXCopyFilesBuildPhase section */

/* Begin PBXFileReference section */
		3D60A83221836CA1003F4198 /* RandomQuotesExtension.appex */ = {isa = PBXFileReference; explicitFileType = "wrapper.app-extension"; includeInIndex = 0; path = RandomQuotesExtension.appex; sourceTree = BUILT_PRODUCTS_DIR; };
		3D60A83321836CA1003F4198 /* NotificationCenter.framework */ = {isa = PBXFileReference; lastKnownFileType = wrapper.framework; name = NotificationCenter.framework; path = System/Library/Frameworks/NotificationCenter.framework; sourceTree = SDKROOT; };
		3D60A83621836CA1003F4198 /* TodayViewController.swift */ = {isa = PBXFileReference; lastKnownFileType = sourcecode.swift; path = TodayViewController.swift; sourceTree = "<group>"; };
		3D60A83921836CA1003F4198 /* Base */ = {isa = PBXFileReference; lastKnownFileType = file.storyboard; name = Base; path = Base.lproj/MainInterface.storyboard; sourceTree = "<group>"; };
		3D60A83B21836CA1003F4198 /* Info.plist */ = {isa = PBXFileReference; lastKnownFileType = text.plist.xml; path = Info.plist; sourceTree = "<group>"; };
		3D60A84521836CF8003F4198 /* RandomQuotesWatch.app */ = {isa = PBXFileReference; explicitFileType = wrapper.application; includeInIndex = 0; path = RandomQuotesWatch.app; sourceTree = BUILT_PRODUCTS_DIR; };
		3D60A84821836CF8003F4198 /* Base */ = {isa = PBXFileReference; lastKnownFileType = file.storyboard; name = Base; path = Base.lproj/Interface.storyboard; sourceTree = "<group>"; };
		3D60A84A21836CF9003F4198 /* Assets.xcassets */ = {isa = PBXFileReference; lastKnownFileType = folder.assetcatalog; path = Assets.xcassets; sourceTree = "<group>"; };
		3D60A84C21836CF9003F4198 /* Info.plist */ = {isa = PBXFileReference; lastKnownFileType = text.plist.xml; path = Info.plist; sourceTree = "<group>"; };
		3D60A85121836CF9003F4198 /* RandomQuotesWatch Extension.appex */ = {isa = PBXFileReference; explicitFileType = "wrapper.app-extension"; includeInIndex = 0; path = "RandomQuotesWatch Extension.appex"; sourceTree = BUILT_PRODUCTS_DIR; };
		3D60A85621836CF9003F4198 /* InterfaceController.swift */ = {isa = PBXFileReference; lastKnownFileType = sourcecode.swift; path = InterfaceController.swift; sourceTree = "<group>"; };
		3D60A85821836CF9003F4198 /* ExtensionDelegate.swift */ = {isa = PBXFileReference; lastKnownFileType = sourcecode.swift; path = ExtensionDelegate.swift; sourceTree = "<group>"; };
		3D60A85A21836CF9003F4198 /* NotificationController.swift */ = {isa = PBXFileReference; lastKnownFileType = sourcecode.swift; path = NotificationController.swift; sourceTree = "<group>"; };
		3D60A85C21836CFA003F4198 /* Assets.xcassets */ = {isa = PBXFileReference; lastKnownFileType = folder.assetcatalog; path = Assets.xcassets; sourceTree = "<group>"; };
		3D60A85E21836CFA003F4198 /* Info.plist */ = {isa = PBXFileReference; lastKnownFileType = text.plist.xml; path = Info.plist; sourceTree = "<group>"; };
		3D60A85F21836CFA003F4198 /* PushNotificationPayload.apns */ = {isa = PBXFileReference; lastKnownFileType = text; path = PushNotificationPayload.apns; sourceTree = "<group>"; };
		3DD85CF92183641700028D4D /* ios-random-quotes.app */ = {isa = PBXFileReference; explicitFileType = wrapper.application; includeInIndex = 0; path = "ios-random-quotes.app"; sourceTree = BUILT_PRODUCTS_DIR; };
		3DD85CFC2183641700028D4D /* AppDelegate.swift */ = {isa = PBXFileReference; lastKnownFileType = sourcecode.swift; path = AppDelegate.swift; sourceTree = "<group>"; };
		3DD85D012183641700028D4D /* Base */ = {isa = PBXFileReference; lastKnownFileType = file.storyboard; name = Base; path = Base.lproj/Main.storyboard; sourceTree = "<group>"; };
		3DD85D032183641700028D4D /* Assets.xcassets */ = {isa = PBXFileReference; lastKnownFileType = folder.assetcatalog; path = Assets.xcassets; sourceTree = "<group>"; };
		3DD85D062183641700028D4D /* Base */ = {isa = PBXFileReference; lastKnownFileType = file.storyboard; name = Base; path = Base.lproj/LaunchScreen.storyboard; sourceTree = "<group>"; };
		3DD85D082183641700028D4D /* Info.plist */ = {isa = PBXFileReference; lastKnownFileType = text.plist.xml; path = Info.plist; sourceTree = "<group>"; };
		3DD85D542183660800028D4D /* RandomQuotesCore.xcodeproj */ = {isa = PBXFileReference; lastKnownFileType = "wrapper.pb-project"; name = RandomQuotesCore.xcodeproj; path = "Frameworks/ios-random-quotes-core/RandomQuotesCore.xcodeproj"; sourceTree = SOURCE_ROOT; };
/* End PBXFileReference section */

/* Begin PBXFrameworksBuildPhase section */
		3D60A82F21836CA1003F4198 /* Frameworks */ = {
			isa = PBXFrameworksBuildPhase;
			buildActionMask = 2147483647;
			files = (
				3D60A83421836CA1003F4198 /* NotificationCenter.framework in Frameworks */,
			);
			runOnlyForDeploymentPostprocessing = 0;
		};
		3D60A84E21836CF9003F4198 /* Frameworks */ = {
			isa = PBXFrameworksBuildPhase;
			buildActionMask = 2147483647;
			files = (
			);
			runOnlyForDeploymentPostprocessing = 0;
		};
		3DD85CF62183641700028D4D /* Frameworks */ = {
			isa = PBXFrameworksBuildPhase;
			buildActionMask = 2147483647;
			files = (
				3DEC8E9321836F32004341C5 /* RandomQuotesCore.framework in Frameworks */,
			);
			runOnlyForDeploymentPostprocessing = 0;
		};
/* End PBXFrameworksBuildPhase section */

/* Begin PBXGroup section */
		3D60A82821836A2D003F4198 /* Products */ = {
			isa = PBXGroup;
			children = (
				3D60A82C21836A2E003F4198 /* RandomQuotesCore.framework */,
			);
			name = Products;
			sourceTree = "<group>";
		};
		3D60A83521836CA1003F4198 /* RandomQuotesExtension */ = {
			isa = PBXGroup;
			children = (
				3D60A83621836CA1003F4198 /* TodayViewController.swift */,
				3D60A83821836CA1003F4198 /* MainInterface.storyboard */,
				3D60A83B21836CA1003F4198 /* Info.plist */,
			);
			path = RandomQuotesExtension;
			sourceTree = "<group>";
		};
		3D60A84621836CF8003F4198 /* RandomQuotesWatch */ = {
			isa = PBXGroup;
			children = (
				3D60A84721836CF8003F4198 /* Interface.storyboard */,
				3D60A84A21836CF9003F4198 /* Assets.xcassets */,
				3D60A84C21836CF9003F4198 /* Info.plist */,
			);
			path = RandomQuotesWatch;
			sourceTree = "<group>";
		};
		3D60A85521836CF9003F4198 /* RandomQuotesWatch Extension */ = {
			isa = PBXGroup;
			children = (
				3D60A85621836CF9003F4198 /* InterfaceController.swift */,
				3D60A85821836CF9003F4198 /* ExtensionDelegate.swift */,
				3D60A85A21836CF9003F4198 /* NotificationController.swift */,
				3D60A85C21836CFA003F4198 /* Assets.xcassets */,
				3D60A85E21836CFA003F4198 /* Info.plist */,
				3D60A85F21836CFA003F4198 /* PushNotificationPayload.apns */,
			);
			path = "RandomQuotesWatch Extension";
			sourceTree = "<group>";
		};
		3DD85CF02183641700028D4D = {
			isa = PBXGroup;
			children = (
				3DD85CFB2183641700028D4D /* ios-random-quotes */,
				3D60A83521836CA1003F4198 /* RandomQuotesExtension */,
				3D60A84621836CF8003F4198 /* RandomQuotesWatch */,
				3D60A85521836CF9003F4198 /* RandomQuotesWatch Extension */,
				3DD85D53218365DD00028D4D /* Frameworks */,
				3DD85CFA2183641700028D4D /* Products */,
			);
			sourceTree = "<group>";
		};
		3DD85CFA2183641700028D4D /* Products */ = {
			isa = PBXGroup;
			children = (
				3DD85CF92183641700028D4D /* ios-random-quotes.app */,
				3D60A83221836CA1003F4198 /* RandomQuotesExtension.appex */,
				3D60A84521836CF8003F4198 /* RandomQuotesWatch.app */,
				3D60A85121836CF9003F4198 /* RandomQuotesWatch Extension.appex */,
			);
			name = Products;
			sourceTree = "<group>";
		};
		3DD85CFB2183641700028D4D /* ios-random-quotes */ = {
			isa = PBXGroup;
			children = (
				3DD85CFC2183641700028D4D /* AppDelegate.swift */,
				3DD85D002183641700028D4D /* Main.storyboard */,
				3DD85D032183641700028D4D /* Assets.xcassets */,
				3DD85D052183641700028D4D /* LaunchScreen.storyboard */,
				3DD85D082183641700028D4D /* Info.plist */,
			);
			path = "ios-random-quotes";
			sourceTree = "<group>";
		};
		3DD85D53218365DD00028D4D /* Frameworks */ = {
			isa = PBXGroup;
			children = (
				3DD85D542183660800028D4D /* RandomQuotesCore.xcodeproj */,
				3D60A83321836CA1003F4198 /* NotificationCenter.framework */,
			);
			name = Frameworks;
			path = "New Group";
			sourceTree = "<group>";
		};
/* End PBXGroup section */

/* Begin PBXNativeTarget section */
		3D60A83121836CA1003F4198 /* RandomQuotesExtension */ = {
			isa = PBXNativeTarget;
			buildConfigurationList = 3D60A83F21836CA1003F4198 /* Build configuration list for PBXNativeTarget "RandomQuotesExtension" */;
			buildPhases = (
				3D60A82E21836CA1003F4198 /* Sources */,
				3D60A82F21836CA1003F4198 /* Frameworks */,
				3D60A83021836CA1003F4198 /* Resources */,
			);
			buildRules = (
			);
			dependencies = (
			);
			name = RandomQuotesExtension;
			productName = RandomQuotesExtension;
			productReference = 3D60A83221836CA1003F4198 /* RandomQuotesExtension.appex */;
			productType = "com.apple.product-type.app-extension";
		};
		3D60A84421836CF8003F4198 /* RandomQuotesWatch */ = {
			isa = PBXNativeTarget;
			buildConfigurationList = 3D60A86721836CFA003F4198 /* Build configuration list for PBXNativeTarget "RandomQuotesWatch" */;
			buildPhases = (
				3D60A84321836CF8003F4198 /* Resources */,
				3D60A86621836CFA003F4198 /* Embed App Extensions */,
			);
			buildRules = (
			);
			dependencies = (
				3D60A85421836CF9003F4198 /* PBXTargetDependency */,
			);
			name = RandomQuotesWatch;
			productName = RandomQuotesWatch;
			productReference = 3D60A84521836CF8003F4198 /* RandomQuotesWatch.app */;
			productType = "com.apple.product-type.application.watchapp2";
		};
		3D60A85021836CF9003F4198 /* RandomQuotesWatch Extension */ = {
			isa = PBXNativeTarget;
			buildConfigurationList = 3D60A86321836CFA003F4198 /* Build configuration list for PBXNativeTarget "RandomQuotesWatch Extension" */;
			buildPhases = (
				3D60A84D21836CF9003F4198 /* Sources */,
				3D60A84E21836CF9003F4198 /* Frameworks */,
				3D60A84F21836CF9003F4198 /* Resources */,
			);
			buildRules = (
			);
			dependencies = (
			);
			name = "RandomQuotesWatch Extension";
			productName = "RandomQuotesWatch Extension";
			productReference = 3D60A85121836CF9003F4198 /* RandomQuotesWatch Extension.appex */;
			productType = "com.apple.product-type.watchkit2-extension";
		};
		3DD85CF82183641700028D4D /* ios-random-quotes */ = {
			isa = PBXNativeTarget;
			buildConfigurationList = 3DD85D0B2183641700028D4D /* Build configuration list for PBXNativeTarget "ios-random-quotes" */;
			buildPhases = (
				3DD85CF52183641700028D4D /* Sources */,
				3DD85CF62183641700028D4D /* Frameworks */,
				3DD85CF72183641700028D4D /* Resources */,
				3DD85D3D218364AC00028D4D /* Embed Frameworks */,
				3D60A84221836CA1003F4198 /* Embed App Extensions */,
				3D60A86A21836CFA003F4198 /* Embed Watch Content */,
			);
			buildRules = (
			);
			dependencies = (
				3D60A83D21836CA1003F4198 /* PBXTargetDependency */,
				3D60A86121836CFA003F4198 /* PBXTargetDependency */,
				3DEC8E9621836F32004341C5 /* PBXTargetDependency */,
			);
			name = "ios-random-quotes";
			productName = "ios-random-quotes";
			productReference = 3DD85CF92183641700028D4D /* ios-random-quotes.app */;
			productType = "com.apple.product-type.application";
		};
/* End PBXNativeTarget section */

/* Begin PBXProject section */
		3DD85CF12183641700028D4D /* Project object */ = {
			isa = PBXProject;
			attributes = {
				LastSwiftUpdateCheck = 1000;
				LastUpgradeCheck = 1000;
				ORGANIZATIONNAME = "De MicheliStefano";
				TargetAttributes = {
					3D60A83121836CA1003F4198 = {
						CreatedOnToolsVersion = 10.0;
					};
					3D60A84421836CF8003F4198 = {
						CreatedOnToolsVersion = 10.0;
					};
					3D60A85021836CF9003F4198 = {
						CreatedOnToolsVersion = 10.0;
					};
					3DD85CF82183641700028D4D = {
						CreatedOnToolsVersion = 10.0;
					};
				};
			};
			buildConfigurationList = 3DD85CF42183641700028D4D /* Build configuration list for PBXProject "ios-random-quotes" */;
			compatibilityVersion = "Xcode 9.3";
			developmentRegion = en;
			hasScannedForEncodings = 0;
			knownRegions = (
				en,
				Base,
			);
			mainGroup = 3DD85CF02183641700028D4D;
			productRefGroup = 3DD85CFA2183641700028D4D /* Products */;
			projectDirPath = "";
			projectReferences = (
				{
					ProductGroup = 3D60A82821836A2D003F4198 /* Products */;
					ProjectRef = 3DD85D542183660800028D4D /* RandomQuotesCore.xcodeproj */;
				},
			);
			projectRoot = "";
			targets = (
				3DD85CF82183641700028D4D /* ios-random-quotes */,
				3D60A83121836CA1003F4198 /* RandomQuotesExtension */,
				3D60A84421836CF8003F4198 /* RandomQuotesWatch */,
				3D60A85021836CF9003F4198 /* RandomQuotesWatch Extension */,
			);
		};
/* End PBXProject section */

/* Begin PBXReferenceProxy section */
		3D60A82C21836A2E003F4198 /* RandomQuotesCore.framework */ = {
			isa = PBXReferenceProxy;
			fileType = wrapper.framework;
			path = RandomQuotesCore.framework;
			remoteRef = 3D60A82B21836A2E003F4198 /* PBXContainerItemProxy */;
			sourceTree = BUILT_PRODUCTS_DIR;
		};
/* End PBXReferenceProxy section */

/* Begin PBXResourcesBuildPhase section */
		3D60A83021836CA1003F4198 /* Resources */ = {
			isa = PBXResourcesBuildPhase;
			buildActionMask = 2147483647;
			files = (
				3D60A83A21836CA1003F4198 /* MainInterface.storyboard in Resources */,
			);
			runOnlyForDeploymentPostprocessing = 0;
		};
		3D60A84321836CF8003F4198 /* Resources */ = {
			isa = PBXResourcesBuildPhase;
			buildActionMask = 2147483647;
			files = (
				3D60A84B21836CF9003F4198 /* Assets.xcassets in Resources */,
				3D60A84921836CF8003F4198 /* Interface.storyboard in Resources */,
			);
			runOnlyForDeploymentPostprocessing = 0;
		};
		3D60A84F21836CF9003F4198 /* Resources */ = {
			isa = PBXResourcesBuildPhase;
			buildActionMask = 2147483647;
			files = (
				3D60A85D21836CFA003F4198 /* Assets.xcassets in Resources */,
			);
			runOnlyForDeploymentPostprocessing = 0;
		};
		3DD85CF72183641700028D4D /* Resources */ = {
			isa = PBXResourcesBuildPhase;
			buildActionMask = 2147483647;
			files = (
				3DD85D072183641700028D4D /* LaunchScreen.storyboard in Resources */,
				3DD85D042183641700028D4D /* Assets.xcassets in Resources */,
				3DD85D022183641700028D4D /* Main.storyboard in Resources */,
			);
			runOnlyForDeploymentPostprocessing = 0;
		};
/* End PBXResourcesBuildPhase section */

/* Begin PBXSourcesBuildPhase section */
		3D60A82E21836CA1003F4198 /* Sources */ = {
			isa = PBXSourcesBuildPhase;
			buildActionMask = 2147483647;
			files = (
				3D60A83721836CA1003F4198 /* TodayViewController.swift in Sources */,
			);
			runOnlyForDeploymentPostprocessing = 0;
		};
		3D60A84D21836CF9003F4198 /* Sources */ = {
			isa = PBXSourcesBuildPhase;
			buildActionMask = 2147483647;
			files = (
				3D60A85B21836CF9003F4198 /* NotificationController.swift in Sources */,
				3D60A85921836CF9003F4198 /* ExtensionDelegate.swift in Sources */,
				3D60A85721836CF9003F4198 /* InterfaceController.swift in Sources */,
			);
			runOnlyForDeploymentPostprocessing = 0;
		};
		3DD85CF52183641700028D4D /* Sources */ = {
			isa = PBXSourcesBuildPhase;
			buildActionMask = 2147483647;
			files = (
				3DD85CFD2183641700028D4D /* AppDelegate.swift in Sources */,
			);
			runOnlyForDeploymentPostprocessing = 0;
		};
/* End PBXSourcesBuildPhase section */

/* Begin PBXTargetDependency section */
		3D60A83D21836CA1003F4198 /* PBXTargetDependency */ = {
			isa = PBXTargetDependency;
			target = 3D60A83121836CA1003F4198 /* RandomQuotesExtension */;
			targetProxy = 3D60A83C21836CA1003F4198 /* PBXContainerItemProxy */;
		};
		3D60A85421836CF9003F4198 /* PBXTargetDependency */ = {
			isa = PBXTargetDependency;
			target = 3D60A85021836CF9003F4198 /* RandomQuotesWatch Extension */;
			targetProxy = 3D60A85321836CF9003F4198 /* PBXContainerItemProxy */;
		};
		3D60A86121836CFA003F4198 /* PBXTargetDependency */ = {
			isa = PBXTargetDependency;
			target = 3D60A84421836CF8003F4198 /* RandomQuotesWatch */;
			targetProxy = 3D60A86021836CFA003F4198 /* PBXContainerItemProxy */;
		};
		3DEC8E9621836F32004341C5 /* PBXTargetDependency */ = {
			isa = PBXTargetDependency;
			name = RandomQuotesCore;
			targetProxy = 3DEC8E9521836F32004341C5 /* PBXContainerItemProxy */;
		};
/* End PBXTargetDependency section */

/* Begin PBXVariantGroup section */
		3D60A83821836CA1003F4198 /* MainInterface.storyboard */ = {
			isa = PBXVariantGroup;
			children = (
				3D60A83921836CA1003F4198 /* Base */,
			);
			name = MainInterface.storyboard;
			sourceTree = "<group>";
		};
		3D60A84721836CF8003F4198 /* Interface.storyboard */ = {
			isa = PBXVariantGroup;
			children = (
				3D60A84821836CF8003F4198 /* Base */,
			);
			name = Interface.storyboard;
			sourceTree = "<group>";
		};
		3DD85D002183641700028D4D /* Main.storyboard */ = {
			isa = PBXVariantGroup;
			children = (
				3DD85D012183641700028D4D /* Base */,
			);
			name = Main.storyboard;
			sourceTree = "<group>";
		};
		3DD85D052183641700028D4D /* LaunchScreen.storyboard */ = {
			isa = PBXVariantGroup;
			children = (
				3DD85D062183641700028D4D /* Base */,
			);
			name = LaunchScreen.storyboard;
			sourceTree = "<group>";
		};
/* End PBXVariantGroup section */

/* Begin XCBuildConfiguration section */
		3D60A84021836CA1003F4198 /* Debug */ = {
			isa = XCBuildConfiguration;
			buildSettings = {
				CODE_SIGN_STYLE = Automatic;
				DEVELOPMENT_TEAM = 84BULQXU2Q;
				INFOPLIST_FILE = RandomQuotesExtension/Info.plist;
				LD_RUNPATH_SEARCH_PATHS = (
					"$(inherited)",
					"@executable_path/Frameworks",
					"@executable_path/../../Frameworks",
				);
				PRODUCT_BUNDLE_IDENTIFIER = "com.stefano.ios-random-quotes.RandomQuotesExtension";
				PRODUCT_NAME = "$(TARGET_NAME)";
				SKIP_INSTALL = YES;
				SWIFT_VERSION = 4.2;
				TARGETED_DEVICE_FAMILY = "1,2";
			};
			name = Debug;
		};
		3D60A84121836CA1003F4198 /* Release */ = {
			isa = XCBuildConfiguration;
			buildSettings = {
				CODE_SIGN_STYLE = Automatic;
				DEVELOPMENT_TEAM = 84BULQXU2Q;
				INFOPLIST_FILE = RandomQuotesExtension/Info.plist;
				LD_RUNPATH_SEARCH_PATHS = (
					"$(inherited)",
					"@executable_path/Frameworks",
					"@executable_path/../../Frameworks",
				);
				PRODUCT_BUNDLE_IDENTIFIER = "com.stefano.ios-random-quotes.RandomQuotesExtension";
				PRODUCT_NAME = "$(TARGET_NAME)";
				SKIP_INSTALL = YES;
				SWIFT_VERSION = 4.2;
				TARGETED_DEVICE_FAMILY = "1,2";
			};
			name = Release;
		};
		3D60A86421836CFA003F4198 /* Debug */ = {
			isa = XCBuildConfiguration;
			buildSettings = {
				ASSETCATALOG_COMPILER_COMPLICATION_NAME = Complication;
				CODE_SIGN_STYLE = Automatic;
				DEVELOPMENT_TEAM = 84BULQXU2Q;
				INFOPLIST_FILE = "RandomQuotesWatch Extension/Info.plist";
				LD_RUNPATH_SEARCH_PATHS = (
					"$(inherited)",
					"@executable_path/Frameworks",
					"@executable_path/../../Frameworks",
				);
				PRODUCT_BUNDLE_IDENTIFIER = "com.stefano.ios-random-quotes.watchkitapp.watchkitextension";
				PRODUCT_NAME = "${TARGET_NAME}";
				SDKROOT = watchos;
				SKIP_INSTALL = YES;
				SWIFT_VERSION = 4.2;
				TARGETED_DEVICE_FAMILY = 4;
				WATCHOS_DEPLOYMENT_TARGET = 5.0;
			};
			name = Debug;
		};
		3D60A86521836CFA003F4198 /* Release */ = {
			isa = XCBuildConfiguration;
			buildSettings = {
				ASSETCATALOG_COMPILER_COMPLICATION_NAME = Complication;
				CODE_SIGN_STYLE = Automatic;
				DEVELOPMENT_TEAM = 84BULQXU2Q;
				INFOPLIST_FILE = "RandomQuotesWatch Extension/Info.plist";
				LD_RUNPATH_SEARCH_PATHS = (
					"$(inherited)",
					"@executable_path/Frameworks",
					"@executable_path/../../Frameworks",
				);
				PRODUCT_BUNDLE_IDENTIFIER = "com.stefano.ios-random-quotes.watchkitapp.watchkitextension";
				PRODUCT_NAME = "${TARGET_NAME}";
				SDKROOT = watchos;
				SKIP_INSTALL = YES;
				SWIFT_VERSION = 4.2;
				TARGETED_DEVICE_FAMILY = 4;
				WATCHOS_DEPLOYMENT_TARGET = 5.0;
			};
			name = Release;
		};
		3D60A86821836CFA003F4198 /* Debug */ = {
			isa = XCBuildConfiguration;
			buildSettings = {
				ALWAYS_EMBED_SWIFT_STANDARD_LIBRARIES = YES;
				ASSETCATALOG_COMPILER_APPICON_NAME = AppIcon;
				CODE_SIGN_STYLE = Automatic;
				DEVELOPMENT_TEAM = 84BULQXU2Q;
				IBSC_MODULE = RandomQuotesWatch_Extension;
				INFOPLIST_FILE = RandomQuotesWatch/Info.plist;
				PRODUCT_BUNDLE_IDENTIFIER = "com.stefano.ios-random-quotes.watchkitapp";
				PRODUCT_NAME = "$(TARGET_NAME)";
				SDKROOT = watchos;
				SKIP_INSTALL = YES;
				SWIFT_VERSION = 4.2;
				TARGETED_DEVICE_FAMILY = 4;
				WATCHOS_DEPLOYMENT_TARGET = 5.0;
			};
			name = Debug;
		};
		3D60A86921836CFA003F4198 /* Release */ = {
			isa = XCBuildConfiguration;
			buildSettings = {
				ALWAYS_EMBED_SWIFT_STANDARD_LIBRARIES = YES;
				ASSETCATALOG_COMPILER_APPICON_NAME = AppIcon;
				CODE_SIGN_STYLE = Automatic;
				DEVELOPMENT_TEAM = 84BULQXU2Q;
				IBSC_MODULE = RandomQuotesWatch_Extension;
				INFOPLIST_FILE = RandomQuotesWatch/Info.plist;
				PRODUCT_BUNDLE_IDENTIFIER = "com.stefano.ios-random-quotes.watchkitapp";
				PRODUCT_NAME = "$(TARGET_NAME)";
				SDKROOT = watchos;
				SKIP_INSTALL = YES;
				SWIFT_VERSION = 4.2;
				TARGETED_DEVICE_FAMILY = 4;
				WATCHOS_DEPLOYMENT_TARGET = 5.0;
			};
			name = Release;
		};
		3DD85D092183641700028D4D /* Debug */ = {
			isa = XCBuildConfiguration;
			buildSettings = {
				ALWAYS_SEARCH_USER_PATHS = NO;
				CLANG_ANALYZER_NONNULL = YES;
				CLANG_ANALYZER_NUMBER_OBJECT_CONVERSION = YES_AGGRESSIVE;
				CLANG_CXX_LANGUAGE_STANDARD = "gnu++14";
				CLANG_CXX_LIBRARY = "libc++";
				CLANG_ENABLE_MODULES = YES;
				CLANG_ENABLE_OBJC_ARC = YES;
				CLANG_ENABLE_OBJC_WEAK = YES;
				CLANG_WARN_BLOCK_CAPTURE_AUTORELEASING = YES;
				CLANG_WARN_BOOL_CONVERSION = YES;
				CLANG_WARN_COMMA = YES;
				CLANG_WARN_CONSTANT_CONVERSION = YES;
				CLANG_WARN_DEPRECATED_OBJC_IMPLEMENTATIONS = YES;
				CLANG_WARN_DIRECT_OBJC_ISA_USAGE = YES_ERROR;
				CLANG_WARN_DOCUMENTATION_COMMENTS = YES;
				CLANG_WARN_EMPTY_BODY = YES;
				CLANG_WARN_ENUM_CONVERSION = YES;
				CLANG_WARN_INFINITE_RECURSION = YES;
				CLANG_WARN_INT_CONVERSION = YES;
				CLANG_WARN_NON_LITERAL_NULL_CONVERSION = YES;
				CLANG_WARN_OBJC_IMPLICIT_RETAIN_SELF = YES;
				CLANG_WARN_OBJC_LITERAL_CONVERSION = YES;
				CLANG_WARN_OBJC_ROOT_CLASS = YES_ERROR;
				CLANG_WARN_RANGE_LOOP_ANALYSIS = YES;
				CLANG_WARN_STRICT_PROTOTYPES = YES;
				CLANG_WARN_SUSPICIOUS_MOVE = YES;
				CLANG_WARN_UNGUARDED_AVAILABILITY = YES_AGGRESSIVE;
				CLANG_WARN_UNREACHABLE_CODE = YES;
				CLANG_WARN__DUPLICATE_METHOD_MATCH = YES;
				CODE_SIGN_IDENTITY = "iPhone Developer";
				COPY_PHASE_STRIP = NO;
				DEBUG_INFORMATION_FORMAT = dwarf;
				ENABLE_STRICT_OBJC_MSGSEND = YES;
				ENABLE_TESTABILITY = YES;
				GCC_C_LANGUAGE_STANDARD = gnu11;
				GCC_DYNAMIC_NO_PIC = NO;
				GCC_NO_COMMON_BLOCKS = YES;
				GCC_OPTIMIZATION_LEVEL = 0;
				GCC_PREPROCESSOR_DEFINITIONS = (
					"DEBUG=1",
					"$(inherited)",
				);
				GCC_WARN_64_TO_32_BIT_CONVERSION = YES;
				GCC_WARN_ABOUT_RETURN_TYPE = YES_ERROR;
				GCC_WARN_UNDECLARED_SELECTOR = YES;
				GCC_WARN_UNINITIALIZED_AUTOS = YES_AGGRESSIVE;
				GCC_WARN_UNUSED_FUNCTION = YES;
				GCC_WARN_UNUSED_VARIABLE = YES;
				IPHONEOS_DEPLOYMENT_TARGET = 12.0;
				MTL_ENABLE_DEBUG_INFO = INCLUDE_SOURCE;
				MTL_FAST_MATH = YES;
				ONLY_ACTIVE_ARCH = YES;
				SDKROOT = iphoneos;
				SWIFT_ACTIVE_COMPILATION_CONDITIONS = DEBUG;
				SWIFT_OPTIMIZATION_LEVEL = "-Onone";
			};
			name = Debug;
		};
		3DD85D0A2183641700028D4D /* Release */ = {
			isa = XCBuildConfiguration;
			buildSettings = {
				ALWAYS_SEARCH_USER_PATHS = NO;
				CLANG_ANALYZER_NONNULL = YES;
				CLANG_ANALYZER_NUMBER_OBJECT_CONVERSION = YES_AGGRESSIVE;
				CLANG_CXX_LANGUAGE_STANDARD = "gnu++14";
				CLANG_CXX_LIBRARY = "libc++";
				CLANG_ENABLE_MODULES = YES;
				CLANG_ENABLE_OBJC_ARC = YES;
				CLANG_ENABLE_OBJC_WEAK = YES;
				CLANG_WARN_BLOCK_CAPTURE_AUTORELEASING = YES;
				CLANG_WARN_BOOL_CONVERSION = YES;
				CLANG_WARN_COMMA = YES;
				CLANG_WARN_CONSTANT_CONVERSION = YES;
				CLANG_WARN_DEPRECATED_OBJC_IMPLEMENTATIONS = YES;
				CLANG_WARN_DIRECT_OBJC_ISA_USAGE = YES_ERROR;
				CLANG_WARN_DOCUMENTATION_COMMENTS = YES;
				CLANG_WARN_EMPTY_BODY = YES;
				CLANG_WARN_ENUM_CONVERSION = YES;
				CLANG_WARN_INFINITE_RECURSION = YES;
				CLANG_WARN_INT_CONVERSION = YES;
				CLANG_WARN_NON_LITERAL_NULL_CONVERSION = YES;
				CLANG_WARN_OBJC_IMPLICIT_RETAIN_SELF = YES;
				CLANG_WARN_OBJC_LITERAL_CONVERSION = YES;
				CLANG_WARN_OBJC_ROOT_CLASS = YES_ERROR;
				CLANG_WARN_RANGE_LOOP_ANALYSIS = YES;
				CLANG_WARN_STRICT_PROTOTYPES = YES;
				CLANG_WARN_SUSPICIOUS_MOVE = YES;
				CLANG_WARN_UNGUARDED_AVAILABILITY = YES_AGGRESSIVE;
				CLANG_WARN_UNREACHABLE_CODE = YES;
				CLANG_WARN__DUPLICATE_METHOD_MATCH = YES;
				CODE_SIGN_IDENTITY = "iPhone Developer";
				COPY_PHASE_STRIP = NO;
				DEBUG_INFORMATION_FORMAT = "dwarf-with-dsym";
				ENABLE_NS_ASSERTIONS = NO;
				ENABLE_STRICT_OBJC_MSGSEND = YES;
				GCC_C_LANGUAGE_STANDARD = gnu11;
				GCC_NO_COMMON_BLOCKS = YES;
				GCC_WARN_64_TO_32_BIT_CONVERSION = YES;
				GCC_WARN_ABOUT_RETURN_TYPE = YES_ERROR;
				GCC_WARN_UNDECLARED_SELECTOR = YES;
				GCC_WARN_UNINITIALIZED_AUTOS = YES_AGGRESSIVE;
				GCC_WARN_UNUSED_FUNCTION = YES;
				GCC_WARN_UNUSED_VARIABLE = YES;
				IPHONEOS_DEPLOYMENT_TARGET = 12.0;
				MTL_ENABLE_DEBUG_INFO = NO;
				MTL_FAST_MATH = YES;
				SDKROOT = iphoneos;
				SWIFT_COMPILATION_MODE = wholemodule;
				SWIFT_OPTIMIZATION_LEVEL = "-O";
				VALIDATE_PRODUCT = YES;
			};
			name = Release;
		};
		3DD85D0C2183641700028D4D /* Debug */ = {
			isa = XCBuildConfiguration;
			buildSettings = {
				ALWAYS_EMBED_SWIFT_STANDARD_LIBRARIES = YES;
				ASSETCATALOG_COMPILER_APPICON_NAME = AppIcon;
				CODE_SIGN_STYLE = Automatic;
				DEVELOPMENT_TEAM = 84BULQXU2Q;
				INFOPLIST_FILE = "ios-random-quotes/Info.plist";
				LD_RUNPATH_SEARCH_PATHS = (
					"$(inherited)",
					"@executable_path/Frameworks",
				);
				PRODUCT_BUNDLE_IDENTIFIER = "com.stefano.ios-random-quotes";
				PRODUCT_NAME = "$(TARGET_NAME)";
				SWIFT_VERSION = 4.2;
				TARGETED_DEVICE_FAMILY = "1,2";
			};
			name = Debug;
		};
		3DD85D0D2183641700028D4D /* Release */ = {
			isa = XCBuildConfiguration;
			buildSettings = {
				ALWAYS_EMBED_SWIFT_STANDARD_LIBRARIES = YES;
				ASSETCATALOG_COMPILER_APPICON_NAME = AppIcon;
				CODE_SIGN_STYLE = Automatic;
				DEVELOPMENT_TEAM = 84BULQXU2Q;
				INFOPLIST_FILE = "ios-random-quotes/Info.plist";
				LD_RUNPATH_SEARCH_PATHS = (
					"$(inherited)",
					"@executable_path/Frameworks",
				);
				PRODUCT_BUNDLE_IDENTIFIER = "com.stefano.ios-random-quotes";
				PRODUCT_NAME = "$(TARGET_NAME)";
				SWIFT_VERSION = 4.2;
				TARGETED_DEVICE_FAMILY = "1,2";
			};
			name = Release;
		};
/* End XCBuildConfiguration section */

/* Begin XCConfigurationList section */
		3D60A83F21836CA1003F4198 /* Build configuration list for PBXNativeTarget "RandomQuotesExtension" */ = {
			isa = XCConfigurationList;
			buildConfigurations = (
				3D60A84021836CA1003F4198 /* Debug */,
				3D60A84121836CA1003F4198 /* Release */,
			);
			defaultConfigurationIsVisible = 0;
			defaultConfigurationName = Release;
		};
		3D60A86321836CFA003F4198 /* Build configuration list for PBXNativeTarget "RandomQuotesWatch Extension" */ = {
			isa = XCConfigurationList;
			buildConfigurations = (
				3D60A86421836CFA003F4198 /* Debug */,
				3D60A86521836CFA003F4198 /* Release */,
			);
			defaultConfigurationIsVisible = 0;
			defaultConfigurationName = Release;
		};
		3D60A86721836CFA003F4198 /* Build configuration list for PBXNativeTarget "RandomQuotesWatch" */ = {
			isa = XCConfigurationList;
			buildConfigurations = (
				3D60A86821836CFA003F4198 /* Debug */,
				3D60A86921836CFA003F4198 /* Release */,
			);
			defaultConfigurationIsVisible = 0;
			defaultConfigurationName = Release;
		};
		3DD85CF42183641700028D4D /* Build configuration list for PBXProject "ios-random-quotes" */ = {
			isa = XCConfigurationList;
			buildConfigurations = (
				3DD85D092183641700028D4D /* Debug */,
				3DD85D0A2183641700028D4D /* Release */,
			);
			defaultConfigurationIsVisible = 0;
			defaultConfigurationName = Release;
		};
		3DD85D0B2183641700028D4D /* Build configuration list for PBXNativeTarget "ios-random-quotes" */ = {
			isa = XCConfigurationList;
			buildConfigurations = (
				3DD85D0C2183641700028D4D /* Debug */,
				3DD85D0D2183641700028D4D /* Release */,
			);
			defaultConfigurationIsVisible = 0;
			defaultConfigurationName = Release;
		};
/* End XCConfigurationList section */
	};
	rootObject = 3DD85CF12183641700028D4D /* Project object */;
}
