// !$*UTF8*$!
{
	archiveVersion = 1;
	classes = {
	};
	objectVersion = 50;
	objects = {

/* Begin PBXBuildFile section */
		3DD85CFD2183641700028D4D /* AppDelegate.swift in Sources */ = {isa = PBXBuildFile; fileRef = 3DD85CFC2183641700028D4D /* AppDelegate.swift */; };
		3DD85D022183641700028D4D /* Main.storyboard in Resources */ = {isa = PBXBuildFile; fileRef = 3DD85D002183641700028D4D /* Main.storyboard */; };
		3DD85D042183641700028D4D /* Assets.xcassets in Resources */ = {isa = PBXBuildFile; fileRef = 3DD85D032183641700028D4D /* Assets.xcassets */; };
		3DD85D072183641700028D4D /* LaunchScreen.storyboard in Resources */ = {isa = PBXBuildFile; fileRef = 3DD85D052183641700028D4D /* LaunchScreen.storyboard */; };
		3DD85D612183669F00028D4D /* RandomQuotesCore.framework in Frameworks */ = {isa = PBXBuildFile; fileRef = 3DD85D602183669F00028D4D /* RandomQuotesCore.framework */; };
		3DD85D622183669F00028D4D /* RandomQuotesCore.framework in Embed Frameworks */ = {isa = PBXBuildFile; fileRef = 3DD85D602183669F00028D4D /* RandomQuotesCore.framework */; settings = {ATTRIBUTES = (CodeSignOnCopy, RemoveHeadersOnCopy, ); }; };
/* End PBXBuildFile section */

/* Begin PBXContainerItemProxy section */
		3D60A82B21836A2E003F4198 /* PBXContainerItemProxy */ = {
			isa = PBXContainerItemProxy;
			containerPortal = 3DD85D542183660800028D4D /* RandomQuotesCore.xcodeproj */;
			proxyType = 2;
			remoteGlobalIDString = 3DD85D48218365AE00028D4D;
			remoteInfo = RandomQuotesCore;
		};
/* End PBXContainerItemProxy section */

/* Begin PBXCopyFilesBuildPhase section */
		3DD85D3D218364AC00028D4D /* Embed Frameworks */ = {
			isa = PBXCopyFilesBuildPhase;
			buildActionMask = 2147483647;
			dstPath = "";
			dstSubfolderSpec = 10;
			files = (
				3DD85D622183669F00028D4D /* RandomQuotesCore.framework in Embed Frameworks */,
			);
			name = "Embed Frameworks";
			runOnlyForDeploymentPostprocessing = 0;
		};
/* End PBXCopyFilesBuildPhase section */

/* Begin PBXFileReference section */
		3DD85CF92183641700028D4D /* ios-random-quotes.app */ = {isa = PBXFileReference; explicitFileType = wrapper.application; includeInIndex = 0; path = "ios-random-quotes.app"; sourceTree = BUILT_PRODUCTS_DIR; };
		3DD85CFC2183641700028D4D /* AppDelegate.swift */ = {isa = PBXFileReference; lastKnownFileType = sourcecode.swift; path = AppDelegate.swift; sourceTree = "<group>"; };
		3DD85D012183641700028D4D /* Base */ = {isa = PBXFileReference; lastKnownFileType = file.storyboard; name = Base; path = Base.lproj/Main.storyboard; sourceTree = "<group>"; };
		3DD85D032183641700028D4D /* Assets.xcassets */ = {isa = PBXFileReference; lastKnownFileType = folder.assetcatalog; path = Assets.xcassets; sourceTree = "<group>"; };
		3DD85D062183641700028D4D /* Base */ = {isa = PBXFileReference; lastKnownFileType = file.storyboard; name = Base; path = Base.lproj/LaunchScreen.storyboard; sourceTree = "<group>"; };
		3DD85D082183641700028D4D /* Info.plist */ = {isa = PBXFileReference; lastKnownFileType = text.plist.xml; path = Info.plist; sourceTree = "<group>"; };
		3DD85D542183660800028D4D /* RandomQuotesCore.xcodeproj */ = {isa = PBXFileReference; lastKnownFileType = "wrapper.pb-project"; name = RandomQuotesCore.xcodeproj; path = "Frameworks/ios-random-quotes-core/RandomQuotesCore.xcodeproj"; sourceTree = SOURCE_ROOT; };
		3DD85D602183669F00028D4D /* RandomQuotesCore.framework */ = {isa = PBXFileReference; explicitFileType = wrapper.framework; path = RandomQuotesCore.framework; sourceTree = BUILT_PRODUCTS_DIR; };
/* End PBXFileReference section */

/* Begin PBXFrameworksBuildPhase section */
		3DD85CF62183641700028D4D /* Frameworks */ = {
			isa = PBXFrameworksBuildPhase;
			buildActionMask = 2147483647;
			files = (
				3DD85D612183669F00028D4D /* RandomQuotesCore.framework in Frameworks */,
			);
			runOnlyForDeploymentPostprocessing = 0;
		};
/* End PBXFrameworksBuildPhase section */

/* Begin PBXGroup section */
		3D60A82821836A2D003F4198 /* Products */ = {
			isa = PBXGroup;
			children = (
				3D60A82C21836A2E003F4198 /* RandomQuotesCore.framework */,
			);
			name = Products;
			sourceTree = "<group>";
		};
		3DD85CF02183641700028D4D = {
			isa = PBXGroup;
			children = (
				3DD85D602183669F00028D4D /* RandomQuotesCore.framework */,
				3DD85CFB2183641700028D4D /* ios-random-quotes */,
				3DD85D53218365DD00028D4D /* Frameworks */,
				3DD85CFA2183641700028D4D /* Products */,
			);
			sourceTree = "<group>";
		};
		3DD85CFA2183641700028D4D /* Products */ = {
			isa = PBXGroup;
			children = (
				3DD85CF92183641700028D4D /* ios-random-quotes.app */,
			);
			name = Products;
			sourceTree = "<group>";
		};
		3DD85CFB2183641700028D4D /* ios-random-quotes */ = {
			isa = PBXGroup;
			children = (
				3DD85CFC2183641700028D4D /* AppDelegate.swift */,
				3DD85D002183641700028D4D /* Main.storyboard */,
				3DD85D032183641700028D4D /* Assets.xcassets */,
				3DD85D052183641700028D4D /* LaunchScreen.storyboard */,
				3DD85D082183641700028D4D /* Info.plist */,
			);
			path = "ios-random-quotes";
			sourceTree = "<group>";
		};
		3DD85D53218365DD00028D4D /* Frameworks */ = {
			isa = PBXGroup;
			children = (
				3DD85D542183660800028D4D /* RandomQuotesCore.xcodeproj */,
			);
			name = Frameworks;
			path = "New Group";
			sourceTree = "<group>";
		};
/* End PBXGroup section */

/* Begin PBXNativeTarget section */
		3DD85CF82183641700028D4D /* ios-random-quotes */ = {
			isa = PBXNativeTarget;
			buildConfigurationList = 3DD85D0B2183641700028D4D /* Build configuration list for PBXNativeTarget "ios-random-quotes" */;
			buildPhases = (
				3DD85CF52183641700028D4D /* Sources */,
				3DD85CF62183641700028D4D /* Frameworks */,
				3DD85CF72183641700028D4D /* Resources */,
				3DD85D3D218364AC00028D4D /* Embed Frameworks */,
			);
			buildRules = (
			);
			dependencies = (
			);
			name = "ios-random-quotes";
			productName = "ios-random-quotes";
			productReference = 3DD85CF92183641700028D4D /* ios-random-quotes.app */;
			productType = "com.apple.product-type.application";
		};
/* End PBXNativeTarget section */

/* Begin PBXProject section */
		3DD85CF12183641700028D4D /* Project object */ = {
			isa = PBXProject;
			attributes = {
				LastSwiftUpdateCheck = 1000;
				LastUpgradeCheck = 1000;
				ORGANIZATIONNAME = "De MicheliStefano";
				TargetAttributes = {
					3DD85CF82183641700028D4D = {
						CreatedOnToolsVersion = 10.0;
					};
				};
			};
			buildConfigurationList = 3DD85CF42183641700028D4D /* Build configuration list for PBXProject "ios-random-quotes" */;
			compatibilityVersion = "Xcode 9.3";
			developmentRegion = en;
			hasScannedForEncodings = 0;
			knownRegions = (
				en,
				Base,
			);
			mainGroup = 3DD85CF02183641700028D4D;
			productRefGroup = 3DD85CFA2183641700028D4D /* Products */;
			projectDirPath = "";
			projectReferences = (
				{
					ProductGroup = 3D60A82821836A2D003F4198 /* Products */;
					ProjectRef = 3DD85D542183660800028D4D /* RandomQuotesCore.xcodeproj */;
				},
			);
			projectRoot = "";
			targets = (
				3DD85CF82183641700028D4D /* ios-random-quotes */,
			);
		};
/* End PBXProject section */

/* Begin PBXReferenceProxy section */
		3D60A82C21836A2E003F4198 /* RandomQuotesCore.framework */ = {
			isa = PBXReferenceProxy;
			fileType = wrapper.framework;
			path = RandomQuotesCore.framework;
			remoteRef = 3D60A82B21836A2E003F4198 /* PBXContainerItemProxy */;
			sourceTree = BUILT_PRODUCTS_DIR;
		};
/* End PBXReferenceProxy section */

/* Begin PBXResourcesBuildPhase section */
		3DD85CF72183641700028D4D /* Resources */ = {
			isa = PBXResourcesBuildPhase;
			buildActionMask = 2147483647;
			files = (
				3DD85D072183641700028D4D /* LaunchScreen.storyboard in Resources */,
				3DD85D042183641700028D4D /* Assets.xcassets in Resources */,
				3DD85D022183641700028D4D /* Main.storyboard in Resources */,
			);
			runOnlyForDeploymentPostprocessing = 0;
		};
/* End PBXResourcesBuildPhase section */

/* Begin PBXSourcesBuildPhase section */
		3DD85CF52183641700028D4D /* Sources */ = {
			isa = PBXSourcesBuildPhase;
			buildActionMask = 2147483647;
			files = (
				3DD85CFD2183641700028D4D /* AppDelegate.swift in Sources */,
			);
			runOnlyForDeploymentPostprocessing = 0;
		};
/* End PBXSourcesBuildPhase section */

/* Begin PBXVariantGroup section */
		3DD85D002183641700028D4D /* Main.storyboard */ = {
			isa = PBXVariantGroup;
			children = (
				3DD85D012183641700028D4D /* Base */,
			);
			name = Main.storyboard;
			sourceTree = "<group>";
		};
		3DD85D052183641700028D4D /* LaunchScreen.storyboard */ = {
			isa = PBXVariantGroup;
			children = (
				3DD85D062183641700028D4D /* Base */,
			);
			name = LaunchScreen.storyboard;
			sourceTree = "<group>";
		};
/* End PBXVariantGroup section */

/* Begin XCBuildConfiguration section */
		3DD85D092183641700028D4D /* Debug */ = {
			isa = XCBuildConfiguration;
			buildSettings = {
				ALWAYS_SEARCH_USER_PATHS = NO;
				CLANG_ANALYZER_NONNULL = YES;
				CLANG_ANALYZER_NUMBER_OBJECT_CONVERSION = YES_AGGRESSIVE;
				CLANG_CXX_LANGUAGE_STANDARD = "gnu++14";
				CLANG_CXX_LIBRARY = "libc++";
				CLANG_ENABLE_MODULES = YES;
				CLANG_ENABLE_OBJC_ARC = YES;
				CLANG_ENABLE_OBJC_WEAK = YES;
				CLANG_WARN_BLOCK_CAPTURE_AUTORELEASING = YES;
				CLANG_WARN_BOOL_CONVERSION = YES;
				CLANG_WARN_COMMA = YES;
				CLANG_WARN_CONSTANT_CONVERSION = YES;
				CLANG_WARN_DEPRECATED_OBJC_IMPLEMENTATIONS = YES;
				CLANG_WARN_DIRECT_OBJC_ISA_USAGE = YES_ERROR;
				CLANG_WARN_DOCUMENTATION_COMMENTS = YES;
				CLANG_WARN_EMPTY_BODY = YES;
				CLANG_WARN_ENUM_CONVERSION = YES;
				CLANG_WARN_INFINITE_RECURSION = YES;
				CLANG_WARN_INT_CONVERSION = YES;
				CLANG_WARN_NON_LITERAL_NULL_CONVERSION = YES;
				CLANG_WARN_OBJC_IMPLICIT_RETAIN_SELF = YES;
				CLANG_WARN_OBJC_LITERAL_CONVERSION = YES;
				CLANG_WARN_OBJC_ROOT_CLASS = YES_ERROR;
				CLANG_WARN_RANGE_LOOP_ANALYSIS = YES;
				CLANG_WARN_STRICT_PROTOTYPES = YES;
				CLANG_WARN_SUSPICIOUS_MOVE = YES;
				CLANG_WARN_UNGUARDED_AVAILABILITY = YES_AGGRESSIVE;
				CLANG_WARN_UNREACHABLE_CODE = YES;
				CLANG_WARN__DUPLICATE_METHOD_MATCH = YES;
				CODE_SIGN_IDENTITY = "iPhone Developer";
				COPY_PHASE_STRIP = NO;
				DEBUG_INFORMATION_FORMAT = dwarf;
				ENABLE_STRICT_OBJC_MSGSEND = YES;
				ENABLE_TESTABILITY = YES;
				GCC_C_LANGUAGE_STANDARD = gnu11;
				GCC_DYNAMIC_NO_PIC = NO;
				GCC_NO_COMMON_BLOCKS = YES;
				GCC_OPTIMIZATION_LEVEL = 0;
				GCC_PREPROCESSOR_DEFINITIONS = (
					"DEBUG=1",
					"$(inherited)",
				);
				GCC_WARN_64_TO_32_BIT_CONVERSION = YES;
				GCC_WARN_ABOUT_RETURN_TYPE = YES_ERROR;
				GCC_WARN_UNDECLARED_SELECTOR = YES;
				GCC_WARN_UNINITIALIZED_AUTOS = YES_AGGRESSIVE;
				GCC_WARN_UNUSED_FUNCTION = YES;
				GCC_WARN_UNUSED_VARIABLE = YES;
				IPHONEOS_DEPLOYMENT_TARGET = 12.0;
				MTL_ENABLE_DEBUG_INFO = INCLUDE_SOURCE;
				MTL_FAST_MATH = YES;
				ONLY_ACTIVE_ARCH = YES;
				SDKROOT = iphoneos;
				SWIFT_ACTIVE_COMPILATION_CONDITIONS = DEBUG;
				SWIFT_OPTIMIZATION_LEVEL = "-Onone";
			};
			name = Debug;
		};
		3DD85D0A2183641700028D4D /* Release */ = {
			isa = XCBuildConfiguration;
			buildSettings = {
				ALWAYS_SEARCH_USER_PATHS = NO;
				CLANG_ANALYZER_NONNULL = YES;
				CLANG_ANALYZER_NUMBER_OBJECT_CONVERSION = YES_AGGRESSIVE;
				CLANG_CXX_LANGUAGE_STANDARD = "gnu++14";
				CLANG_CXX_LIBRARY = "libc++";
				CLANG_ENABLE_MODULES = YES;
				CLANG_ENABLE_OBJC_ARC = YES;
				CLANG_ENABLE_OBJC_WEAK = YES;
				CLANG_WARN_BLOCK_CAPTURE_AUTORELEASING = YES;
				CLANG_WARN_BOOL_CONVERSION = YES;
				CLANG_WARN_COMMA = YES;
				CLANG_WARN_CONSTANT_CONVERSION = YES;
				CLANG_WARN_DEPRECATED_OBJC_IMPLEMENTATIONS = YES;
				CLANG_WARN_DIRECT_OBJC_ISA_USAGE = YES_ERROR;
				CLANG_WARN_DOCUMENTATION_COMMENTS = YES;
				CLANG_WARN_EMPTY_BODY = YES;
				CLANG_WARN_ENUM_CONVERSION = YES;
				CLANG_WARN_INFINITE_RECURSION = YES;
				CLANG_WARN_INT_CONVERSION = YES;
				CLANG_WARN_NON_LITERAL_NULL_CONVERSION = YES;
				CLANG_WARN_OBJC_IMPLICIT_RETAIN_SELF = YES;
				CLANG_WARN_OBJC_LITERAL_CONVERSION = YES;
				CLANG_WARN_OBJC_ROOT_CLASS = YES_ERROR;
				CLANG_WARN_RANGE_LOOP_ANALYSIS = YES;
				CLANG_WARN_STRICT_PROTOTYPES = YES;
				CLANG_WARN_SUSPICIOUS_MOVE = YES;
				CLANG_WARN_UNGUARDED_AVAILABILITY = YES_AGGRESSIVE;
				CLANG_WARN_UNREACHABLE_CODE = YES;
				CLANG_WARN__DUPLICATE_METHOD_MATCH = YES;
				CODE_SIGN_IDENTITY = "iPhone Developer";
				COPY_PHASE_STRIP = NO;
				DEBUG_INFORMATION_FORMAT = "dwarf-with-dsym";
				ENABLE_NS_ASSERTIONS = NO;
				ENABLE_STRICT_OBJC_MSGSEND = YES;
				GCC_C_LANGUAGE_STANDARD = gnu11;
				GCC_NO_COMMON_BLOCKS = YES;
				GCC_WARN_64_TO_32_BIT_CONVERSION = YES;
				GCC_WARN_ABOUT_RETURN_TYPE = YES_ERROR;
				GCC_WARN_UNDECLARED_SELECTOR = YES;
				GCC_WARN_UNINITIALIZED_AUTOS = YES_AGGRESSIVE;
				GCC_WARN_UNUSED_FUNCTION = YES;
				GCC_WARN_UNUSED_VARIABLE = YES;
				IPHONEOS_DEPLOYMENT_TARGET = 12.0;
				MTL_ENABLE_DEBUG_INFO = NO;
				MTL_FAST_MATH = YES;
				SDKROOT = iphoneos;
				SWIFT_COMPILATION_MODE = wholemodule;
				SWIFT_OPTIMIZATION_LEVEL = "-O";
				VALIDATE_PRODUCT = YES;
			};
			name = Release;
		};
		3DD85D0C2183641700028D4D /* Debug */ = {
			isa = XCBuildConfiguration;
			buildSettings = {
				ASSETCATALOG_COMPILER_APPICON_NAME = AppIcon;
				CODE_SIGN_STYLE = Automatic;
				DEVELOPMENT_TEAM = 84BULQXU2Q;
				INFOPLIST_FILE = "ios-random-quotes/Info.plist";
				LD_RUNPATH_SEARCH_PATHS = (
					"$(inherited)",
					"@executable_path/Frameworks",
				);
				PRODUCT_BUNDLE_IDENTIFIER = "com.stefano.ios-random-quotes";
				PRODUCT_NAME = "$(TARGET_NAME)";
				SWIFT_VERSION = 4.2;
				TARGETED_DEVICE_FAMILY = "1,2";
			};
			name = Debug;
		};
		3DD85D0D2183641700028D4D /* Release */ = {
			isa = XCBuildConfiguration;
			buildSettings = {
				ASSETCATALOG_COMPILER_APPICON_NAME = AppIcon;
				CODE_SIGN_STYLE = Automatic;
				DEVELOPMENT_TEAM = 84BULQXU2Q;
				INFOPLIST_FILE = "ios-random-quotes/Info.plist";
				LD_RUNPATH_SEARCH_PATHS = (
					"$(inherited)",
					"@executable_path/Frameworks",
				);
				PRODUCT_BUNDLE_IDENTIFIER = "com.stefano.ios-random-quotes";
				PRODUCT_NAME = "$(TARGET_NAME)";
				SWIFT_VERSION = 4.2;
				TARGETED_DEVICE_FAMILY = "1,2";
			};
			name = Release;
		};
/* End XCBuildConfiguration section */

/* Begin XCConfigurationList section */
		3DD85CF42183641700028D4D /* Build configuration list for PBXProject "ios-random-quotes" */ = {
			isa = XCConfigurationList;
			buildConfigurations = (
				3DD85D092183641700028D4D /* Debug */,
				3DD85D0A2183641700028D4D /* Release */,
			);
			defaultConfigurationIsVisible = 0;
			defaultConfigurationName = Release;
		};
		3DD85D0B2183641700028D4D /* Build configuration list for PBXNativeTarget "ios-random-quotes" */ = {
			isa = XCConfigurationList;
			buildConfigurations = (
				3DD85D0C2183641700028D4D /* Debug */,
				3DD85D0D2183641700028D4D /* Release */,
			);
			defaultConfigurationIsVisible = 0;
			defaultConfigurationName = Release;
		};
/* End XCConfigurationList section */
	};
	rootObject = 3DD85CF12183641700028D4D /* Project object */;
}
