// !$*UTF8*$!
{
	archiveVersion = 1;
	classes = {
	};
	objectVersion = 50;
	objects = {

/* Begin PBXBuildFile section */
		F10562CA21BE247600F43931 /* AppDelegate.swift in Sources */ = {isa = PBXBuildFile; fileRef = F10562C921BE247600F43931 /* AppDelegate.swift */; };
		F10562CC21BE247600F43931 /* ViewController.swift in Sources */ = {isa = PBXBuildFile; fileRef = F10562CB21BE247600F43931 /* ViewController.swift */; };
		F10562CF21BE247600F43931 /* Main.storyboard in Resources */ = {isa = PBXBuildFile; fileRef = F10562CD21BE247600F43931 /* Main.storyboard */; };
		F10562D121BE247700F43931 /* Assets.xcassets in Resources */ = {isa = PBXBuildFile; fileRef = F10562D021BE247700F43931 /* Assets.xcassets */; };
		F10562D421BE247700F43931 /* LaunchScreen.storyboard in Resources */ = {isa = PBXBuildFile; fileRef = F10562D221BE247700F43931 /* LaunchScreen.storyboard */; };
		F10562DF21BE250000F43931 /* Quote.swift in Sources */ = {isa = PBXBuildFile; fileRef = F10562DE21BE250000F43931 /* Quote.swift */; };
		F10562E421BE258100F43931 /* QuoteFetcher.swift in Sources */ = {isa = PBXBuildFile; fileRef = F10562E321BE258100F43931 /* QuoteFetcher.swift */; };
/* End PBXBuildFile section */

/* Begin PBXFileReference section */
		F10562C621BE247600F43931 /* RandomQuote.app */ = {isa = PBXFileReference; explicitFileType = wrapper.application; includeInIndex = 0; path = RandomQuote.app; sourceTree = BUILT_PRODUCTS_DIR; };
		F10562C921BE247600F43931 /* AppDelegate.swift */ = {isa = PBXFileReference; lastKnownFileType = sourcecode.swift; path = AppDelegate.swift; sourceTree = "<group>"; };
		F10562CB21BE247600F43931 /* ViewController.swift */ = {isa = PBXFileReference; lastKnownFileType = sourcecode.swift; path = ViewController.swift; sourceTree = "<group>"; };
		F10562CE21BE247600F43931 /* Base */ = {isa = PBXFileReference; lastKnownFileType = file.storyboard; name = Base; path = Base.lproj/Main.storyboard; sourceTree = "<group>"; };
		F10562D021BE247700F43931 /* Assets.xcassets */ = {isa = PBXFileReference; lastKnownFileType = folder.assetcatalog; path = Assets.xcassets; sourceTree = "<group>"; };
		F10562D321BE247700F43931 /* Base */ = {isa = PBXFileReference; lastKnownFileType = file.storyboard; name = Base; path = Base.lproj/LaunchScreen.storyboard; sourceTree = "<group>"; };
		F10562D521BE247700F43931 /* Info.plist */ = {isa = PBXFileReference; lastKnownFileType = text.plist.xml; path = Info.plist; sourceTree = "<group>"; };
		F10562DE21BE250000F43931 /* Quote.swift */ = {isa = PBXFileReference; lastKnownFileType = sourcecode.swift; path = Quote.swift; sourceTree = "<group>"; };
		F10562E321BE258100F43931 /* QuoteFetcher.swift */ = {isa = PBXFileReference; lastKnownFileType = sourcecode.swift; path = QuoteFetcher.swift; sourceTree = "<group>"; };
/* End PBXFileReference section */

/* Begin PBXFrameworksBuildPhase section */
		F10562C321BE247600F43931 /* Frameworks */ = {
			isa = PBXFrameworksBuildPhase;
			buildActionMask = 2147483647;
			files = (
			);
			runOnlyForDeploymentPostprocessing = 0;
		};
/* End PBXFrameworksBuildPhase section */

/* Begin PBXGroup section */
		F10562BD21BE247600F43931 = {
			isa = PBXGroup;
			children = (
				F10562C821BE247600F43931 /* RandomQuote */,
				F10562C721BE247600F43931 /* Products */,
			);
			sourceTree = "<group>";
		};
		F10562C721BE247600F43931 /* Products */ = {
			isa = PBXGroup;
			children = (
				F10562C621BE247600F43931 /* RandomQuote.app */,
			);
			name = Products;
			sourceTree = "<group>";
		};
		F10562C821BE247600F43931 /* RandomQuote */ = {
			isa = PBXGroup;
			children = (
				F10562DD21BE24E400F43931 /* Model */,
				F10562E021BE250800F43931 /* Model Controllers */,
				F10562E121BE251700F43931 /* View Controllers */,
				F10562E221BE256500F43931 /* Networking */,
				F10562DC21BE249100F43931 /* Storyboards */,
				F10562DB21BE248700F43931 /* Resources */,
			);
			path = RandomQuote;
			sourceTree = "<group>";
		};
		F10562DB21BE248700F43931 /* Resources */ = {
			isa = PBXGroup;
			children = (
				F10562C921BE247600F43931 /* AppDelegate.swift */,
				F10562D021BE247700F43931 /* Assets.xcassets */,
				F10562D521BE247700F43931 /* Info.plist */,
			);
			path = Resources;
			sourceTree = "<group>";
		};
		F10562DC21BE249100F43931 /* Storyboards */ = {
			isa = PBXGroup;
			children = (
				F10562CD21BE247600F43931 /* Main.storyboard */,
				F10562D221BE247700F43931 /* LaunchScreen.storyboard */,
			);
			path = Storyboards;
			sourceTree = "<group>";
		};
		F10562DD21BE24E400F43931 /* Model */ = {
			isa = PBXGroup;
			children = (
				F10562DE21BE250000F43931 /* Quote.swift */,
			);
			path = Model;
			sourceTree = "<group>";
		};
		F10562E021BE250800F43931 /* Model Controllers */ = {
			isa = PBXGroup;
			children = (
			);
			path = "Model Controllers";
			sourceTree = "<group>";
		};
		F10562E121BE251700F43931 /* View Controllers */ = {
			isa = PBXGroup;
			children = (
				F10562CB21BE247600F43931 /* ViewController.swift */,
			);
			path = "View Controllers";
			sourceTree = "<group>";
		};
		F10562E221BE256500F43931 /* Networking */ = {
			isa = PBXGroup;
			children = (
				F10562E321BE258100F43931 /* QuoteFetcher.swift */,
			);
			path = Networking;
			sourceTree = "<group>";
		};
/* End PBXGroup section */

/* Begin PBXNativeTarget section */
		F10562C521BE247600F43931 /* RandomQuote */ = {
			isa = PBXNativeTarget;
			buildConfigurationList = F10562D821BE247700F43931 /* Build configuration list for PBXNativeTarget "RandomQuote" */;
			buildPhases = (
				F10562C221BE247600F43931 /* Sources */,
				F10562C321BE247600F43931 /* Frameworks */,
				F10562C421BE247600F43931 /* Resources */,
			);
			buildRules = (
			);
			dependencies = (
			);
			name = RandomQuote;
			productName = RandomQuote;
			productReference = F10562C621BE247600F43931 /* RandomQuote.app */;
			productType = "com.apple.product-type.application";
		};
/* End PBXNativeTarget section */

/* Begin PBXProject section */
		F10562BE21BE247600F43931 /* Project object */ = {
			isa = PBXProject;
			attributes = {
				LastSwiftUpdateCheck = 1010;
				LastUpgradeCheck = 1010;
				ORGANIZATIONNAME = "Scott Bennett";
				TargetAttributes = {
					F10562C521BE247600F43931 = {
						CreatedOnToolsVersion = 10.1;
					};
				};
			};
			buildConfigurationList = F10562C121BE247600F43931 /* Build configuration list for PBXProject "RandomQuote" */;
			compatibilityVersion = "Xcode 9.3";
			developmentRegion = en;
			hasScannedForEncodings = 0;
			knownRegions = (
				en,
				Base,
			);
			mainGroup = F10562BD21BE247600F43931;
			productRefGroup = F10562C721BE247600F43931 /* Products */;
			projectDirPath = "";
			projectRoot = "";
			targets = (
				F10562C521BE247600F43931 /* RandomQuote */,
			);
		};
/* End PBXProject section */

/* Begin PBXResourcesBuildPhase section */
		F10562C421BE247600F43931 /* Resources */ = {
			isa = PBXResourcesBuildPhase;
			buildActionMask = 2147483647;
			files = (
				F10562D421BE247700F43931 /* LaunchScreen.storyboard in Resources */,
				F10562D121BE247700F43931 /* Assets.xcassets in Resources */,
				F10562CF21BE247600F43931 /* Main.storyboard in Resources */,
			);
			runOnlyForDeploymentPostprocessing = 0;
		};
/* End PBXResourcesBuildPhase section */

/* Begin PBXSourcesBuildPhase section */
		F10562C221BE247600F43931 /* Sources */ = {
			isa = PBXSourcesBuildPhase;
			buildActionMask = 2147483647;
			files = (
				F10562E421BE258100F43931 /* QuoteFetcher.swift in Sources */,
				F10562CC21BE247600F43931 /* ViewController.swift in Sources */,
				F10562DF21BE250000F43931 /* Quote.swift in Sources */,
				F10562CA21BE247600F43931 /* AppDelegate.swift in Sources */,
			);
			runOnlyForDeploymentPostprocessing = 0;
		};
/* End PBXSourcesBuildPhase section */

/* Begin PBXVariantGroup section */
		F10562CD21BE247600F43931 /* Main.storyboard */ = {
			isa = PBXVariantGroup;
			children = (
				F10562CE21BE247600F43931 /* Base */,
			);
			name = Main.storyboard;
			sourceTree = "<group>";
		};
		F10562D221BE247700F43931 /* LaunchScreen.storyboard */ = {
			isa = PBXVariantGroup;
			children = (
				F10562D321BE247700F43931 /* Base */,
			);
			name = LaunchScreen.storyboard;
			sourceTree = "<group>";
		};
/* End PBXVariantGroup section */

/* Begin XCBuildConfiguration section */
		F10562D621BE247700F43931 /* Debug */ = {
			isa = XCBuildConfiguration;
			buildSettings = {
				ALWAYS_SEARCH_USER_PATHS = NO;
				CLANG_ANALYZER_NONNULL = YES;
				CLANG_ANALYZER_NUMBER_OBJECT_CONVERSION = YES_AGGRESSIVE;
				CLANG_CXX_LANGUAGE_STANDARD = "gnu++14";
				CLANG_CXX_LIBRARY = "libc++";
				CLANG_ENABLE_MODULES = YES;
				CLANG_ENABLE_OBJC_ARC = YES;
				CLANG_ENABLE_OBJC_WEAK = YES;
				CLANG_WARN_BLOCK_CAPTURE_AUTORELEASING = YES;
				CLANG_WARN_BOOL_CONVERSION = YES;
				CLANG_WARN_COMMA = YES;
				CLANG_WARN_CONSTANT_CONVERSION = YES;
				CLANG_WARN_DEPRECATED_OBJC_IMPLEMENTATIONS = YES;
				CLANG_WARN_DIRECT_OBJC_ISA_USAGE = YES_ERROR;
				CLANG_WARN_DOCUMENTATION_COMMENTS = YES;
				CLANG_WARN_EMPTY_BODY = YES;
				CLANG_WARN_ENUM_CONVERSION = YES;
				CLANG_WARN_INFINITE_RECURSION = YES;
				CLANG_WARN_INT_CONVERSION = YES;
				CLANG_WARN_NON_LITERAL_NULL_CONVERSION = YES;
				CLANG_WARN_OBJC_IMPLICIT_RETAIN_SELF = YES;
				CLANG_WARN_OBJC_LITERAL_CONVERSION = YES;
				CLANG_WARN_OBJC_ROOT_CLASS = YES_ERROR;
				CLANG_WARN_RANGE_LOOP_ANALYSIS = YES;
				CLANG_WARN_STRICT_PROTOTYPES = YES;
				CLANG_WARN_SUSPICIOUS_MOVE = YES;
				CLANG_WARN_UNGUARDED_AVAILABILITY = YES_AGGRESSIVE;
				CLANG_WARN_UNREACHABLE_CODE = YES;
				CLANG_WARN__DUPLICATE_METHOD_MATCH = YES;
				CODE_SIGN_IDENTITY = "iPhone Developer";
				COPY_PHASE_STRIP = NO;
				DEBUG_INFORMATION_FORMAT = dwarf;
				ENABLE_STRICT_OBJC_MSGSEND = YES;
				ENABLE_TESTABILITY = YES;
				GCC_C_LANGUAGE_STANDARD = gnu11;
				GCC_DYNAMIC_NO_PIC = NO;
				GCC_NO_COMMON_BLOCKS = YES;
				GCC_OPTIMIZATION_LEVEL = 0;
				GCC_PREPROCESSOR_DEFINITIONS = (
					"DEBUG=1",
					"$(inherited)",
				);
				GCC_WARN_64_TO_32_BIT_CONVERSION = YES;
				GCC_WARN_ABOUT_RETURN_TYPE = YES_ERROR;
				GCC_WARN_UNDECLARED_SELECTOR = YES;
				GCC_WARN_UNINITIALIZED_AUTOS = YES_AGGRESSIVE;
				GCC_WARN_UNUSED_FUNCTION = YES;
				GCC_WARN_UNUSED_VARIABLE = YES;
				IPHONEOS_DEPLOYMENT_TARGET = 12.1;
				MTL_ENABLE_DEBUG_INFO = INCLUDE_SOURCE;
				MTL_FAST_MATH = YES;
				ONLY_ACTIVE_ARCH = YES;
				SDKROOT = iphoneos;
				SWIFT_ACTIVE_COMPILATION_CONDITIONS = DEBUG;
				SWIFT_OPTIMIZATION_LEVEL = "-Onone";
			};
			name = Debug;
		};
		F10562D721BE247700F43931 /* Release */ = {
			isa = XCBuildConfiguration;
			buildSettings = {
				ALWAYS_SEARCH_USER_PATHS = NO;
				CLANG_ANALYZER_NONNULL = YES;
				CLANG_ANALYZER_NUMBER_OBJECT_CONVERSION = YES_AGGRESSIVE;
				CLANG_CXX_LANGUAGE_STANDARD = "gnu++14";
				CLANG_CXX_LIBRARY = "libc++";
				CLANG_ENABLE_MODULES = YES;
				CLANG_ENABLE_OBJC_ARC = YES;
				CLANG_ENABLE_OBJC_WEAK = YES;
				CLANG_WARN_BLOCK_CAPTURE_AUTORELEASING = YES;
				CLANG_WARN_BOOL_CONVERSION = YES;
				CLANG_WARN_COMMA = YES;
				CLANG_WARN_CONSTANT_CONVERSION = YES;
				CLANG_WARN_DEPRECATED_OBJC_IMPLEMENTATIONS = YES;
				CLANG_WARN_DIRECT_OBJC_ISA_USAGE = YES_ERROR;
				CLANG_WARN_DOCUMENTATION_COMMENTS = YES;
				CLANG_WARN_EMPTY_BODY = YES;
				CLANG_WARN_ENUM_CONVERSION = YES;
				CLANG_WARN_INFINITE_RECURSION = YES;
				CLANG_WARN_INT_CONVERSION = YES;
				CLANG_WARN_NON_LITERAL_NULL_CONVERSION = YES;
				CLANG_WARN_OBJC_IMPLICIT_RETAIN_SELF = YES;
				CLANG_WARN_OBJC_LITERAL_CONVERSION = YES;
				CLANG_WARN_OBJC_ROOT_CLASS = YES_ERROR;
				CLANG_WARN_RANGE_LOOP_ANALYSIS = YES;
				CLANG_WARN_STRICT_PROTOTYPES = YES;
				CLANG_WARN_SUSPICIOUS_MOVE = YES;
				CLANG_WARN_UNGUARDED_AVAILABILITY = YES_AGGRESSIVE;
				CLANG_WARN_UNREACHABLE_CODE = YES;
				CLANG_WARN__DUPLICATE_METHOD_MATCH = YES;
				CODE_SIGN_IDENTITY = "iPhone Developer";
				COPY_PHASE_STRIP = NO;
				DEBUG_INFORMATION_FORMAT = "dwarf-with-dsym";
				ENABLE_NS_ASSERTIONS = NO;
				ENABLE_STRICT_OBJC_MSGSEND = YES;
				GCC_C_LANGUAGE_STANDARD = gnu11;
				GCC_NO_COMMON_BLOCKS = YES;
				GCC_WARN_64_TO_32_BIT_CONVERSION = YES;
				GCC_WARN_ABOUT_RETURN_TYPE = YES_ERROR;
				GCC_WARN_UNDECLARED_SELECTOR = YES;
				GCC_WARN_UNINITIALIZED_AUTOS = YES_AGGRESSIVE;
				GCC_WARN_UNUSED_FUNCTION = YES;
				GCC_WARN_UNUSED_VARIABLE = YES;
				IPHONEOS_DEPLOYMENT_TARGET = 12.1;
				MTL_ENABLE_DEBUG_INFO = NO;
				MTL_FAST_MATH = YES;
				SDKROOT = iphoneos;
				SWIFT_COMPILATION_MODE = wholemodule;
				SWIFT_OPTIMIZATION_LEVEL = "-O";
				VALIDATE_PRODUCT = YES;
			};
			name = Release;
		};
		F10562D921BE247700F43931 /* Debug */ = {
			isa = XCBuildConfiguration;
			buildSettings = {
				ASSETCATALOG_COMPILER_APPICON_NAME = AppIcon;
				CODE_SIGN_STYLE = Automatic;
				DEVELOPMENT_TEAM = 5KBWP959TD;
				INFOPLIST_FILE = "$(SRCROOT)/RandomQuote/Resources/Info.plist";
				LD_RUNPATH_SEARCH_PATHS = (
					"$(inherited)",
					"@executable_path/Frameworks",
				);
				PRODUCT_BUNDLE_IDENTIFIER = com.expertservices.RandomQuote;
				PRODUCT_NAME = "$(TARGET_NAME)";
				SWIFT_VERSION = 4.2;
				TARGETED_DEVICE_FAMILY = "1,2";
			};
			name = Debug;
		};
		F10562DA21BE247700F43931 /* Release */ = {
			isa = XCBuildConfiguration;
			buildSettings = {
				ASSETCATALOG_COMPILER_APPICON_NAME = AppIcon;
				CODE_SIGN_STYLE = Automatic;
				DEVELOPMENT_TEAM = 5KBWP959TD;
				INFOPLIST_FILE = "$(SRCROOT)/RandomQuote/Resources/Info.plist";
				LD_RUNPATH_SEARCH_PATHS = (
					"$(inherited)",
					"@executable_path/Frameworks",
				);
				PRODUCT_BUNDLE_IDENTIFIER = com.expertservices.RandomQuote;
				PRODUCT_NAME = "$(TARGET_NAME)";
				SWIFT_VERSION = 4.2;
				TARGETED_DEVICE_FAMILY = "1,2";
			};
			name = Release;
		};
/* End XCBuildConfiguration section */

/* Begin XCConfigurationList section */
		F10562C121BE247600F43931 /* Build configuration list for PBXProject "RandomQuote" */ = {
			isa = XCConfigurationList;
			buildConfigurations = (
				F10562D621BE247700F43931 /* Debug */,
				F10562D721BE247700F43931 /* Release */,
			);
			defaultConfigurationIsVisible = 0;
			defaultConfigurationName = Release;
		};
		F10562D821BE247700F43931 /* Build configuration list for PBXNativeTarget "RandomQuote" */ = {
			isa = XCConfigurationList;
			buildConfigurations = (
				F10562D921BE247700F43931 /* Debug */,
				F10562DA21BE247700F43931 /* Release */,
			);
			defaultConfigurationIsVisible = 0;
			defaultConfigurationName = Release;
		};
/* End XCConfigurationList section */
	};
	rootObject = F10562BE21BE247600F43931 /* Project object */;
}
