// !$*UTF8*$!
{
	archiveVersion = 1;
	classes = {
	};
	objectVersion = 50;
	objects = {

/* Begin PBXBuildFile section */
		105E7A112183678E000945DA /* AppDelegate.swift in Sources */ = {isa = PBXBuildFile; fileRef = 105E7A102183678E000945DA /* AppDelegate.swift */; };
		105E7A132183678E000945DA /* ViewController.swift in Sources */ = {isa = PBXBuildFile; fileRef = 105E7A122183678E000945DA /* ViewController.swift */; };
		105E7A162183678E000945DA /* Main.storyboard in Resources */ = {isa = PBXBuildFile; fileRef = 105E7A142183678E000945DA /* Main.storyboard */; };
		105E7A182183678F000945DA /* Assets.xcassets in Resources */ = {isa = PBXBuildFile; fileRef = 105E7A172183678F000945DA /* Assets.xcassets */; };
		105E7A1B2183678F000945DA /* LaunchScreen.storyboard in Resources */ = {isa = PBXBuildFile; fileRef = 105E7A192183678F000945DA /* LaunchScreen.storyboard */; };
		105E7A2A218367D6000945DA /* NotificationCenter.framework in Frameworks */ = {isa = PBXBuildFile; fileRef = 105E7A29218367D6000945DA /* NotificationCenter.framework */; };
		105E7A2D218367D6000945DA /* TodayViewController.swift in Sources */ = {isa = PBXBuildFile; fileRef = 105E7A2C218367D6000945DA /* TodayViewController.swift */; };
		105E7A30218367D6000945DA /* MainInterface.storyboard in Resources */ = {isa = PBXBuildFile; fileRef = 105E7A2E218367D6000945DA /* MainInterface.storyboard */; };
		105E7A34218367D6000945DA /* FamousQuotesToday.appex in Embed App Extensions */ = {isa = PBXBuildFile; fileRef = 105E7A27218367D6000945DA /* FamousQuotesToday.appex */; settings = {ATTRIBUTES = (RemoveHeadersOnCopy, ); }; };
		105E7A3A21836845000945DA /* Quote.swift in Sources */ = {isa = PBXBuildFile; fileRef = 105E7A3921836845000945DA /* Quote.swift */; };
		105E7A3D218368CE000945DA /* QuoteController.swift in Sources */ = {isa = PBXBuildFile; fileRef = 105E7A3C218368CE000945DA /* QuoteController.swift */; };
		105E7A3E218369A3000945DA /* Quote.swift in Sources */ = {isa = PBXBuildFile; fileRef = 105E7A3921836845000945DA /* Quote.swift */; };
		105E7A3F218369A3000945DA /* QuoteController.swift in Sources */ = {isa = PBXBuildFile; fileRef = 105E7A3C218368CE000945DA /* QuoteController.swift */; };
/* End PBXBuildFile section */

/* Begin PBXContainerItemProxy section */
		105E7A32218367D6000945DA /* PBXContainerItemProxy */ = {
			isa = PBXContainerItemProxy;
			containerPortal = 105E7A052183678E000945DA /* Project object */;
			proxyType = 1;
			remoteGlobalIDString = 105E7A26218367D6000945DA;
			remoteInfo = FamousQuotesToday;
		};
/* End PBXContainerItemProxy section */

/* Begin PBXCopyFilesBuildPhase section */
		105E7A38218367D6000945DA /* Embed App Extensions */ = {
			isa = PBXCopyFilesBuildPhase;
			buildActionMask = 2147483647;
			dstPath = "";
			dstSubfolderSpec = 13;
			files = (
				105E7A34218367D6000945DA /* FamousQuotesToday.appex in Embed App Extensions */,
			);
			name = "Embed App Extensions";
			runOnlyForDeploymentPostprocessing = 0;
		};
/* End PBXCopyFilesBuildPhase section */

/* Begin PBXFileReference section */
		105E7A0D2183678E000945DA /* Famous Quotes.app */ = {isa = PBXFileReference; explicitFileType = wrapper.application; includeInIndex = 0; path = "Famous Quotes.app"; sourceTree = BUILT_PRODUCTS_DIR; };
		105E7A102183678E000945DA /* AppDelegate.swift */ = {isa = PBXFileReference; lastKnownFileType = sourcecode.swift; path = AppDelegate.swift; sourceTree = "<group>"; };
		105E7A122183678E000945DA /* ViewController.swift */ = {isa = PBXFileReference; lastKnownFileType = sourcecode.swift; path = ViewController.swift; sourceTree = "<group>"; };
		105E7A152183678E000945DA /* Base */ = {isa = PBXFileReference; lastKnownFileType = file.storyboard; name = Base; path = Base.lproj/Main.storyboard; sourceTree = "<group>"; };
		105E7A172183678F000945DA /* Assets.xcassets */ = {isa = PBXFileReference; lastKnownFileType = folder.assetcatalog; path = Assets.xcassets; sourceTree = "<group>"; };
		105E7A1A2183678F000945DA /* Base */ = {isa = PBXFileReference; lastKnownFileType = file.storyboard; name = Base; path = Base.lproj/LaunchScreen.storyboard; sourceTree = "<group>"; };
		105E7A1C2183678F000945DA /* Info.plist */ = {isa = PBXFileReference; lastKnownFileType = text.plist.xml; path = Info.plist; sourceTree = "<group>"; };
		105E7A27218367D6000945DA /* FamousQuotesToday.appex */ = {isa = PBXFileReference; explicitFileType = "wrapper.app-extension"; includeInIndex = 0; path = FamousQuotesToday.appex; sourceTree = BUILT_PRODUCTS_DIR; };
		105E7A29218367D6000945DA /* NotificationCenter.framework */ = {isa = PBXFileReference; lastKnownFileType = wrapper.framework; name = NotificationCenter.framework; path = System/Library/Frameworks/NotificationCenter.framework; sourceTree = SDKROOT; };
		105E7A2C218367D6000945DA /* TodayViewController.swift */ = {isa = PBXFileReference; lastKnownFileType = sourcecode.swift; path = TodayViewController.swift; sourceTree = "<group>"; };
		105E7A2F218367D6000945DA /* Base */ = {isa = PBXFileReference; lastKnownFileType = file.storyboard; name = Base; path = Base.lproj/MainInterface.storyboard; sourceTree = "<group>"; };
		105E7A31218367D6000945DA /* Info.plist */ = {isa = PBXFileReference; lastKnownFileType = text.plist.xml; path = Info.plist; sourceTree = "<group>"; };
		105E7A3921836845000945DA /* Quote.swift */ = {isa = PBXFileReference; lastKnownFileType = sourcecode.swift; path = Quote.swift; sourceTree = "<group>"; };
		105E7A3C218368CE000945DA /* QuoteController.swift */ = {isa = PBXFileReference; lastKnownFileType = sourcecode.swift; path = QuoteController.swift; sourceTree = "<group>"; };
/* End PBXFileReference section */

/* Begin PBXFrameworksBuildPhase section */
		105E7A0A2183678E000945DA /* Frameworks */ = {
			isa = PBXFrameworksBuildPhase;
			buildActionMask = 2147483647;
			files = (
			);
			runOnlyForDeploymentPostprocessing = 0;
		};
		105E7A24218367D6000945DA /* Frameworks */ = {
			isa = PBXFrameworksBuildPhase;
			buildActionMask = 2147483647;
			files = (
				105E7A2A218367D6000945DA /* NotificationCenter.framework in Frameworks */,
			);
			runOnlyForDeploymentPostprocessing = 0;
		};
/* End PBXFrameworksBuildPhase section */

/* Begin PBXGroup section */
		105E7A042183678E000945DA = {
			isa = PBXGroup;
			children = (
				105E7A0F2183678E000945DA /* Famous Quotes */,
				105E7A2B218367D6000945DA /* FamousQuotesToday */,
				105E7A28218367D6000945DA /* Frameworks */,
				105E7A0E2183678E000945DA /* Products */,
			);
			sourceTree = "<group>";
		};
		105E7A0E2183678E000945DA /* Products */ = {
			isa = PBXGroup;
			children = (
				105E7A0D2183678E000945DA /* Famous Quotes.app */,
				105E7A27218367D6000945DA /* FamousQuotesToday.appex */,
			);
			name = Products;
			sourceTree = "<group>";
		};
		105E7A0F2183678E000945DA /* Famous Quotes */ = {
			isa = PBXGroup;
			children = (
				105E7A142183678E000945DA /* Main.storyboard */,
				105E7A3B218368B7000945DA /* Model and Model Controller */,
				105E7A222183679D000945DA /* Resources */,
			);
			path = "Famous Quotes";
			sourceTree = "<group>";
		};
		105E7A222183679D000945DA /* Resources */ = {
			isa = PBXGroup;
			children = (
				105E7A102183678E000945DA /* AppDelegate.swift */,
				105E7A122183678E000945DA /* ViewController.swift */,
				105E7A172183678F000945DA /* Assets.xcassets */,
				105E7A192183678F000945DA /* LaunchScreen.storyboard */,
				105E7A1C2183678F000945DA /* Info.plist */,
			);
			path = Resources;
			sourceTree = "<group>";
		};
		105E7A28218367D6000945DA /* Frameworks */ = {
			isa = PBXGroup;
			children = (
				105E7A29218367D6000945DA /* NotificationCenter.framework */,
			);
			name = Frameworks;
			sourceTree = "<group>";
		};
		105E7A2B218367D6000945DA /* FamousQuotesToday */ = {
			isa = PBXGroup;
			children = (
				105E7A2C218367D6000945DA /* TodayViewController.swift */,
				105E7A2E218367D6000945DA /* MainInterface.storyboard */,
				105E7A31218367D6000945DA /* Info.plist */,
			);
			path = FamousQuotesToday;
			sourceTree = "<group>";
		};
		105E7A3B218368B7000945DA /* Model and Model Controller */ = {
			isa = PBXGroup;
			children = (
				105E7A3921836845000945DA /* Quote.swift */,
				105E7A3C218368CE000945DA /* QuoteController.swift */,
			);
			path = "Model and Model Controller";
			sourceTree = "<group>";
		};
/* End PBXGroup section */

/* Begin PBXNativeTarget section */
		105E7A0C2183678E000945DA /* Famous Quotes */ = {
			isa = PBXNativeTarget;
			buildConfigurationList = 105E7A1F2183678F000945DA /* Build configuration list for PBXNativeTarget "Famous Quotes" */;
			buildPhases = (
				105E7A092183678E000945DA /* Sources */,
				105E7A0A2183678E000945DA /* Frameworks */,
				105E7A0B2183678E000945DA /* Resources */,
				105E7A38218367D6000945DA /* Embed App Extensions */,
			);
			buildRules = (
			);
			dependencies = (
				105E7A33218367D6000945DA /* PBXTargetDependency */,
			);
			name = "Famous Quotes";
			productName = "Famous Quotes";
			productReference = 105E7A0D2183678E000945DA /* Famous Quotes.app */;
			productType = "com.apple.product-type.application";
		};
		105E7A26218367D6000945DA /* FamousQuotesToday */ = {
			isa = PBXNativeTarget;
			buildConfigurationList = 105E7A35218367D6000945DA /* Build configuration list for PBXNativeTarget "FamousQuotesToday" */;
			buildPhases = (
				105E7A23218367D6000945DA /* Sources */,
				105E7A24218367D6000945DA /* Frameworks */,
				105E7A25218367D6000945DA /* Resources */,
			);
			buildRules = (
			);
			dependencies = (
			);
			name = FamousQuotesToday;
			productName = FamousQuotesToday;
			productReference = 105E7A27218367D6000945DA /* FamousQuotesToday.appex */;
			productType = "com.apple.product-type.app-extension";
		};
/* End PBXNativeTarget section */

/* Begin PBXProject section */
		105E7A052183678E000945DA /* Project object */ = {
			isa = PBXProject;
			attributes = {
				LastSwiftUpdateCheck = 1000;
				LastUpgradeCheck = 1000;
				ORGANIZATIONNAME = "Andrew Liao";
				TargetAttributes = {
					105E7A0C2183678E000945DA = {
						CreatedOnToolsVersion = 10.0;
					};
					105E7A26218367D6000945DA = {
						CreatedOnToolsVersion = 10.0;
					};
				};
			};
			buildConfigurationList = 105E7A082183678E000945DA /* Build configuration list for PBXProject "Famous Quotes" */;
			compatibilityVersion = "Xcode 9.3";
			developmentRegion = en;
			hasScannedForEncodings = 0;
			knownRegions = (
				en,
				Base,
			);
			mainGroup = 105E7A042183678E000945DA;
			productRefGroup = 105E7A0E2183678E000945DA /* Products */;
			projectDirPath = "";
			projectRoot = "";
			targets = (
				105E7A0C2183678E000945DA /* Famous Quotes */,
				105E7A26218367D6000945DA /* FamousQuotesToday */,
			);
		};
/* End PBXProject section */

/* Begin PBXResourcesBuildPhase section */
		105E7A0B2183678E000945DA /* Resources */ = {
			isa = PBXResourcesBuildPhase;
			buildActionMask = 2147483647;
			files = (
				105E7A1B2183678F000945DA /* LaunchScreen.storyboard in Resources */,
				105E7A182183678F000945DA /* Assets.xcassets in Resources */,
				105E7A162183678E000945DA /* Main.storyboard in Resources */,
			);
			runOnlyForDeploymentPostprocessing = 0;
		};
		105E7A25218367D6000945DA /* Resources */ = {
			isa = PBXResourcesBuildPhase;
			buildActionMask = 2147483647;
			files = (
				105E7A30218367D6000945DA /* MainInterface.storyboard in Resources */,
			);
			runOnlyForDeploymentPostprocessing = 0;
		};
/* End PBXResourcesBuildPhase section */

/* Begin PBXSourcesBuildPhase section */
		105E7A092183678E000945DA /* Sources */ = {
			isa = PBXSourcesBuildPhase;
			buildActionMask = 2147483647;
			files = (
				105E7A132183678E000945DA /* ViewController.swift in Sources */,
				105E7A3A21836845000945DA /* Quote.swift in Sources */,
				105E7A3D218368CE000945DA /* QuoteController.swift in Sources */,
				105E7A112183678E000945DA /* AppDelegate.swift in Sources */,
			);
			runOnlyForDeploymentPostprocessing = 0;
		};
		105E7A23218367D6000945DA /* Sources */ = {
			isa = PBXSourcesBuildPhase;
			buildActionMask = 2147483647;
			files = (
				105E7A3F218369A3000945DA /* QuoteController.swift in Sources */,
				105E7A3E218369A3000945DA /* Quote.swift in Sources */,
				105E7A2D218367D6000945DA /* TodayViewController.swift in Sources */,
			);
			runOnlyForDeploymentPostprocessing = 0;
		};
/* End PBXSourcesBuildPhase section */

/* Begin PBXTargetDependency section */
		105E7A33218367D6000945DA /* PBXTargetDependency */ = {
			isa = PBXTargetDependency;
			target = 105E7A26218367D6000945DA /* FamousQuotesToday */;
			targetProxy = 105E7A32218367D6000945DA /* PBXContainerItemProxy */;
		};
/* End PBXTargetDependency section */

/* Begin PBXVariantGroup section */
		105E7A142183678E000945DA /* Main.storyboard */ = {
			isa = PBXVariantGroup;
			children = (
				105E7A152183678E000945DA /* Base */,
			);
			name = Main.storyboard;
			sourceTree = "<group>";
		};
		105E7A192183678F000945DA /* LaunchScreen.storyboard */ = {
			isa = PBXVariantGroup;
			children = (
				105E7A1A2183678F000945DA /* Base */,
			);
			name = LaunchScreen.storyboard;
			sourceTree = "<group>";
		};
		105E7A2E218367D6000945DA /* MainInterface.storyboard */ = {
			isa = PBXVariantGroup;
			children = (
				105E7A2F218367D6000945DA /* Base */,
			);
			name = MainInterface.storyboard;
			sourceTree = "<group>";
		};
/* End PBXVariantGroup section */

/* Begin XCBuildConfiguration section */
		105E7A1D2183678F000945DA /* Debug */ = {
			isa = XCBuildConfiguration;
			buildSettings = {
				ALWAYS_SEARCH_USER_PATHS = NO;
				CLANG_ANALYZER_NONNULL = YES;
				CLANG_ANALYZER_NUMBER_OBJECT_CONVERSION = YES_AGGRESSIVE;
				CLANG_CXX_LANGUAGE_STANDARD = "gnu++14";
				CLANG_CXX_LIBRARY = "libc++";
				CLANG_ENABLE_MODULES = YES;
				CLANG_ENABLE_OBJC_ARC = YES;
				CLANG_ENABLE_OBJC_WEAK = YES;
				CLANG_WARN_BLOCK_CAPTURE_AUTORELEASING = YES;
				CLANG_WARN_BOOL_CONVERSION = YES;
				CLANG_WARN_COMMA = YES;
				CLANG_WARN_CONSTANT_CONVERSION = YES;
				CLANG_WARN_DEPRECATED_OBJC_IMPLEMENTATIONS = YES;
				CLANG_WARN_DIRECT_OBJC_ISA_USAGE = YES_ERROR;
				CLANG_WARN_DOCUMENTATION_COMMENTS = YES;
				CLANG_WARN_EMPTY_BODY = YES;
				CLANG_WARN_ENUM_CONVERSION = YES;
				CLANG_WARN_INFINITE_RECURSION = YES;
				CLANG_WARN_INT_CONVERSION = YES;
				CLANG_WARN_NON_LITERAL_NULL_CONVERSION = YES;
				CLANG_WARN_OBJC_IMPLICIT_RETAIN_SELF = YES;
				CLANG_WARN_OBJC_LITERAL_CONVERSION = YES;
				CLANG_WARN_OBJC_ROOT_CLASS = YES_ERROR;
				CLANG_WARN_RANGE_LOOP_ANALYSIS = YES;
				CLANG_WARN_STRICT_PROTOTYPES = YES;
				CLANG_WARN_SUSPICIOUS_MOVE = YES;
				CLANG_WARN_UNGUARDED_AVAILABILITY = YES_AGGRESSIVE;
				CLANG_WARN_UNREACHABLE_CODE = YES;
				CLANG_WARN__DUPLICATE_METHOD_MATCH = YES;
				CODE_SIGN_IDENTITY = "iPhone Developer";
				COPY_PHASE_STRIP = NO;
				DEBUG_INFORMATION_FORMAT = dwarf;
				ENABLE_STRICT_OBJC_MSGSEND = YES;
				ENABLE_TESTABILITY = YES;
				GCC_C_LANGUAGE_STANDARD = gnu11;
				GCC_DYNAMIC_NO_PIC = NO;
				GCC_NO_COMMON_BLOCKS = YES;
				GCC_OPTIMIZATION_LEVEL = 0;
				GCC_PREPROCESSOR_DEFINITIONS = (
					"DEBUG=1",
					"$(inherited)",
				);
				GCC_WARN_64_TO_32_BIT_CONVERSION = YES;
				GCC_WARN_ABOUT_RETURN_TYPE = YES_ERROR;
				GCC_WARN_UNDECLARED_SELECTOR = YES;
				GCC_WARN_UNINITIALIZED_AUTOS = YES_AGGRESSIVE;
				GCC_WARN_UNUSED_FUNCTION = YES;
				GCC_WARN_UNUSED_VARIABLE = YES;
				IPHONEOS_DEPLOYMENT_TARGET = 12.0;
				MTL_ENABLE_DEBUG_INFO = INCLUDE_SOURCE;
				MTL_FAST_MATH = YES;
				ONLY_ACTIVE_ARCH = YES;
				SDKROOT = iphoneos;
				SWIFT_ACTIVE_COMPILATION_CONDITIONS = DEBUG;
				SWIFT_OPTIMIZATION_LEVEL = "-Onone";
			};
			name = Debug;
		};
		105E7A1E2183678F000945DA /* Release */ = {
			isa = XCBuildConfiguration;
			buildSettings = {
				ALWAYS_SEARCH_USER_PATHS = NO;
				CLANG_ANALYZER_NONNULL = YES;
				CLANG_ANALYZER_NUMBER_OBJECT_CONVERSION = YES_AGGRESSIVE;
				CLANG_CXX_LANGUAGE_STANDARD = "gnu++14";
				CLANG_CXX_LIBRARY = "libc++";
				CLANG_ENABLE_MODULES = YES;
				CLANG_ENABLE_OBJC_ARC = YES;
				CLANG_ENABLE_OBJC_WEAK = YES;
				CLANG_WARN_BLOCK_CAPTURE_AUTORELEASING = YES;
				CLANG_WARN_BOOL_CONVERSION = YES;
				CLANG_WARN_COMMA = YES;
				CLANG_WARN_CONSTANT_CONVERSION = YES;
				CLANG_WARN_DEPRECATED_OBJC_IMPLEMENTATIONS = YES;
				CLANG_WARN_DIRECT_OBJC_ISA_USAGE = YES_ERROR;
				CLANG_WARN_DOCUMENTATION_COMMENTS = YES;
				CLANG_WARN_EMPTY_BODY = YES;
				CLANG_WARN_ENUM_CONVERSION = YES;
				CLANG_WARN_INFINITE_RECURSION = YES;
				CLANG_WARN_INT_CONVERSION = YES;
				CLANG_WARN_NON_LITERAL_NULL_CONVERSION = YES;
				CLANG_WARN_OBJC_IMPLICIT_RETAIN_SELF = YES;
				CLANG_WARN_OBJC_LITERAL_CONVERSION = YES;
				CLANG_WARN_OBJC_ROOT_CLASS = YES_ERROR;
				CLANG_WARN_RANGE_LOOP_ANALYSIS = YES;
				CLANG_WARN_STRICT_PROTOTYPES = YES;
				CLANG_WARN_SUSPICIOUS_MOVE = YES;
				CLANG_WARN_UNGUARDED_AVAILABILITY = YES_AGGRESSIVE;
				CLANG_WARN_UNREACHABLE_CODE = YES;
				CLANG_WARN__DUPLICATE_METHOD_MATCH = YES;
				CODE_SIGN_IDENTITY = "iPhone Developer";
				COPY_PHASE_STRIP = NO;
				DEBUG_INFORMATION_FORMAT = "dwarf-with-dsym";
				ENABLE_NS_ASSERTIONS = NO;
				ENABLE_STRICT_OBJC_MSGSEND = YES;
				GCC_C_LANGUAGE_STANDARD = gnu11;
				GCC_NO_COMMON_BLOCKS = YES;
				GCC_WARN_64_TO_32_BIT_CONVERSION = YES;
				GCC_WARN_ABOUT_RETURN_TYPE = YES_ERROR;
				GCC_WARN_UNDECLARED_SELECTOR = YES;
				GCC_WARN_UNINITIALIZED_AUTOS = YES_AGGRESSIVE;
				GCC_WARN_UNUSED_FUNCTION = YES;
				GCC_WARN_UNUSED_VARIABLE = YES;
				IPHONEOS_DEPLOYMENT_TARGET = 12.0;
				MTL_ENABLE_DEBUG_INFO = NO;
				MTL_FAST_MATH = YES;
				SDKROOT = iphoneos;
				SWIFT_COMPILATION_MODE = wholemodule;
				SWIFT_OPTIMIZATION_LEVEL = "-O";
				VALIDATE_PRODUCT = YES;
			};
			name = Release;
		};
		105E7A202183678F000945DA /* Debug */ = {
			isa = XCBuildConfiguration;
			buildSettings = {
				ALWAYS_EMBED_SWIFT_STANDARD_LIBRARIES = YES;
				ASSETCATALOG_COMPILER_APPICON_NAME = AppIcon;
				CODE_SIGN_STYLE = Automatic;
				DEVELOPMENT_TEAM = 579Y2HH9JP;
				INFOPLIST_FILE = "$(SRCROOT)/Famous Quotes/Resources/Info.plist";
				LD_RUNPATH_SEARCH_PATHS = (
					"$(inherited)",
					"@executable_path/Frameworks",
				);
				PRODUCT_BUNDLE_IDENTIFIER = "com.andrew.Famous-Quotes";
				PRODUCT_NAME = "$(TARGET_NAME)";
				SWIFT_VERSION = 4.2;
				TARGETED_DEVICE_FAMILY = "1,2";
			};
			name = Debug;
		};
		105E7A212183678F000945DA /* Release */ = {
			isa = XCBuildConfiguration;
			buildSettings = {
				ALWAYS_EMBED_SWIFT_STANDARD_LIBRARIES = YES;
				ASSETCATALOG_COMPILER_APPICON_NAME = AppIcon;
				CODE_SIGN_STYLE = Automatic;
				DEVELOPMENT_TEAM = 579Y2HH9JP;
				INFOPLIST_FILE = "$(SRCROOT)/Famous Quotes/Resources/Info.plist";
				LD_RUNPATH_SEARCH_PATHS = (
					"$(inherited)",
					"@executable_path/Frameworks",
				);
				PRODUCT_BUNDLE_IDENTIFIER = "com.andrew.Famous-Quotes";
				PRODUCT_NAME = "$(TARGET_NAME)";
				SWIFT_VERSION = 4.2;
				TARGETED_DEVICE_FAMILY = "1,2";
			};
			name = Release;
		};
		105E7A36218367D6000945DA /* Debug */ = {
			isa = XCBuildConfiguration;
			buildSettings = {
				CODE_SIGN_STYLE = Automatic;
				DEVELOPMENT_TEAM = 579Y2HH9JP;
				INFOPLIST_FILE = FamousQuotesToday/Info.plist;
				LD_RUNPATH_SEARCH_PATHS = (
					"$(inherited)",
					"@executable_path/Frameworks",
					"@executable_path/../../Frameworks",
				);
				PRODUCT_BUNDLE_IDENTIFIER = "com.andrew.Famous-Quotes.FamousQuotesToday";
				PRODUCT_NAME = "$(TARGET_NAME)";
				SKIP_INSTALL = YES;
				SWIFT_VERSION = 4.2;
				TARGETED_DEVICE_FAMILY = "1,2";
			};
			name = Debug;
		};
		105E7A37218367D6000945DA /* Release */ = {
			isa = XCBuildConfiguration;
			buildSettings = {
				CODE_SIGN_STYLE = Automatic;
				DEVELOPMENT_TEAM = 579Y2HH9JP;
				INFOPLIST_FILE = FamousQuotesToday/Info.plist;
				LD_RUNPATH_SEARCH_PATHS = (
					"$(inherited)",
					"@executable_path/Frameworks",
					"@executable_path/../../Frameworks",
				);
				PRODUCT_BUNDLE_IDENTIFIER = "com.andrew.Famous-Quotes.FamousQuotesToday";
				PRODUCT_NAME = "$(TARGET_NAME)";
				SKIP_INSTALL = YES;
				SWIFT_VERSION = 4.2;
				TARGETED_DEVICE_FAMILY = "1,2";
			};
			name = Release;
		};
/* End XCBuildConfiguration section */

/* Begin XCConfigurationList section */
		105E7A082183678E000945DA /* Build configuration list for PBXProject "Famous Quotes" */ = {
			isa = XCConfigurationList;
			buildConfigurations = (
				105E7A1D2183678F000945DA /* Debug */,
				105E7A1E2183678F000945DA /* Release */,
			);
			defaultConfigurationIsVisible = 0;
			defaultConfigurationName = Release;
		};
		105E7A1F2183678F000945DA /* Build configuration list for PBXNativeTarget "Famous Quotes" */ = {
			isa = XCConfigurationList;
			buildConfigurations = (
				105E7A202183678F000945DA /* Debug */,
				105E7A212183678F000945DA /* Release */,
			);
			defaultConfigurationIsVisible = 0;
			defaultConfigurationName = Release;
		};
		105E7A35218367D6000945DA /* Build configuration list for PBXNativeTarget "FamousQuotesToday" */ = {
			isa = XCConfigurationList;
			buildConfigurations = (
				105E7A36218367D6000945DA /* Debug */,
				105E7A37218367D6000945DA /* Release */,
			);
			defaultConfigurationIsVisible = 0;
			defaultConfigurationName = Release;
		};
/* End XCConfigurationList section */
	};
	rootObject = 105E7A052183678E000945DA /* Project object */;
}
